
Microsoft Visual Studio Solution File, Format Version 12.00
# Visual Studio 14
VisualStudioVersion = 14.0.25420.1
MinimumVisualStudioVersion = 10.0.40219.1
Project("{FAE04EC0-301F-11D3-BF4B-00C04F79EFBC}") = "LogWebPage", "LogWebPage\LogWebPage.csproj", "{A349C6A4-4862-4EA9-8F1C-1FE07233ACB1}"
EndProject
Project("{FAE04EC0-301F-11D3-BF4B-00C04F79EFBC}") = "MeditationLogger.Desktop", "MeditationLogger.Desktop\MeditationLogger.Desktop.csproj", "{4815671C-B7D0-4FE8-8F16-F4C12BC07221}"
EndProject
Project("{FAE04EC0-301F-11D3-BF4B-00C04F79EFBC}") = "MeditationLogger.Cli", "MeditationLogger.Cli\MeditationLogger.Cli.csproj", "{8FD66191-747C-48B8-B27B-0E41E40A4C4E}"
EndProject
Project("{D954291E-2A0B-460D-934E-DC6B0785DB48}") = "MeditationLogger.TestCore", "TestCore\MeditationLogger.TestCore.shproj", "{8D1D8BC8-F9DC-403D-B481-3A5FE3556D5F}"
EndProject
Project("{FAE04EC0-301F-11D3-BF4B-00C04F79EFBC}") = "MeditationLogger.TestCore.Desktop", "MeditationLogger.TestCore.Desktop\MeditationLogger.TestCore.Desktop.csproj", "{B8BCE3B9-2568-49FA-90AA-7484E1B67E8A}"
EndProject
Project("{FAE04EC0-301F-11D3-BF4B-00C04F79EFBC}") = "MeditationLogger.Tests.Desktop", "MeditationLogger.Tests.Desktop\MeditationLogger.Tests.Desktop.csproj", "{BC011879-54BF-481F-BC61-35190927ADDE}"
EndProject
Project("{930C7802-8A8C-48F9-8165-68863BCCD9DD}") = "Win32Install", "Win32Install\Win32Install.wixproj", "{848AF5DD-573A-499F-9B02-F218D5A48273}"
EndProject
Project("{D954291E-2A0B-460D-934E-DC6B0785DB48}") = "SethCS", "..\SethCS\SethCS\SethCS.shproj", "{52089274-B9A2-4A47-A221-C321DEE1CE7F}"
EndProject
Project("{D954291E-2A0B-460D-934E-DC6B0785DB48}") = "MeditationLogger.Api", "MeditationLogger.Api\MeditationLogger.Api.shproj", "{C90E9A74-9CB3-4A08-BFE0-6E3B759BCC2E}"
EndProject
Global
	GlobalSection(SharedMSBuildProjectFiles) = preSolution
		MeditationLogger.Api\MedEnthLogsApi.projitems*{4815671c-b7d0-4fe8-8f16-f4c12bc07221}*SharedItemsImports = 4
		..\SethCS\SethCS\SethCS.projitems*{4815671c-b7d0-4fe8-8f16-f4c12bc07221}*SharedItemsImports = 4
		..\SethCS\SethCS\SethCS.projitems*{52089274-b9a2-4a47-a221-c321dee1ce7f}*SharedItemsImports = 13
		TestCore\TestCore.projitems*{8d1d8bc8-f9dc-403d-b481-3a5fe3556d5f}*SharedItemsImports = 13
		TestCore\TestCore.projitems*{b8bce3b9-2568-49fa-90aa-7484e1b67e8a}*SharedItemsImports = 4
		MeditationLogger.Api\MedEnthLogsApi.projitems*{c90e9a74-9cb3-4a08-bfe0-6e3b759bcc2e}*SharedItemsImports = 13
	EndGlobalSection
	GlobalSection(SolutionConfigurationPlatforms) = preSolution
		Debug|Any CPU = Debug|Any CPU
		Debug|x86 = Debug|x86
		Release|Any CPU = Release|Any CPU
		Release|x86 = Release|x86
	EndGlobalSection
	GlobalSection(ProjectConfigurationPlatforms) = postSolution
		{A349C6A4-4862-4EA9-8F1C-1FE07233ACB1}.Debug|Any CPU.ActiveCfg = Debug|Any CPU
		{A349C6A4-4862-4EA9-8F1C-1FE07233ACB1}.Debug|Any CPU.Build.0 = Debug|Any CPU
		{A349C6A4-4862-4EA9-8F1C-1FE07233ACB1}.Debug|x86.ActiveCfg = Debug|Any CPU
		{A349C6A4-4862-4EA9-8F1C-1FE07233ACB1}.Debug|x86.Build.0 = Debug|Any CPU
		{A349C6A4-4862-4EA9-8F1C-1FE07233ACB1}.Release|Any CPU.ActiveCfg = Release|Any CPU
		{A349C6A4-4862-4EA9-8F1C-1FE07233ACB1}.Release|Any CPU.Build.0 = Release|Any CPU
		{A349C6A4-4862-4EA9-8F1C-1FE07233ACB1}.Release|x86.ActiveCfg = Release|Any CPU
		{A349C6A4-4862-4EA9-8F1C-1FE07233ACB1}.Release|x86.Build.0 = Release|Any CPU
		{4815671C-B7D0-4FE8-8F16-F4C12BC07221}.Debug|Any CPU.ActiveCfg = Debug|Any CPU
		{4815671C-B7D0-4FE8-8F16-F4C12BC07221}.Debug|Any CPU.Build.0 = Debug|Any CPU
		{4815671C-B7D0-4FE8-8F16-F4C12BC07221}.Debug|x86.ActiveCfg = Debug|Any CPU
		{4815671C-B7D0-4FE8-8F16-F4C12BC07221}.Debug|x86.Build.0 = Debug|Any CPU
		{4815671C-B7D0-4FE8-8F16-F4C12BC07221}.Release|Any CPU.ActiveCfg = Release|Any CPU
		{4815671C-B7D0-4FE8-8F16-F4C12BC07221}.Release|Any CPU.Build.0 = Release|Any CPU
		{4815671C-B7D0-4FE8-8F16-F4C12BC07221}.Release|x86.ActiveCfg = Release|Any CPU
		{4815671C-B7D0-4FE8-8F16-F4C12BC07221}.Release|x86.Build.0 = Release|Any CPU
		{8FD66191-747C-48B8-B27B-0E41E40A4C4E}.Debug|Any CPU.ActiveCfg = Debug|Any CPU
		{8FD66191-747C-48B8-B27B-0E41E40A4C4E}.Debug|Any CPU.Build.0 = Debug|Any CPU
		{8FD66191-747C-48B8-B27B-0E41E40A4C4E}.Debug|x86.ActiveCfg = Debug|Any CPU
		{8FD66191-747C-48B8-B27B-0E41E40A4C4E}.Debug|x86.Build.0 = Debug|Any CPU
		{8FD66191-747C-48B8-B27B-0E41E40A4C4E}.Release|Any CPU.ActiveCfg = Release|Any CPU
		{8FD66191-747C-48B8-B27B-0E41E40A4C4E}.Release|Any CPU.Build.0 = Release|Any CPU
		{8FD66191-747C-48B8-B27B-0E41E40A4C4E}.Release|x86.ActiveCfg = Release|Any CPU
		{8FD66191-747C-48B8-B27B-0E41E40A4C4E}.Release|x86.Build.0 = Release|Any CPU
		{B8BCE3B9-2568-49FA-90AA-7484E1B67E8A}.Debug|Any CPU.ActiveCfg = Debug|Any CPU
		{B8BCE3B9-2568-49FA-90AA-7484E1B67E8A}.Debug|Any CPU.Build.0 = Debug|Any CPU
		{B8BCE3B9-2568-49FA-90AA-7484E1B67E8A}.Debug|x86.ActiveCfg = Debug|Any CPU
		{B8BCE3B9-2568-49FA-90AA-7484E1B67E8A}.Debug|x86.Build.0 = Debug|Any CPU
		{B8BCE3B9-2568-49FA-90AA-7484E1B67E8A}.Release|Any CPU.ActiveCfg = Release|Any CPU
		{B8BCE3B9-2568-49FA-90AA-7484E1B67E8A}.Release|Any CPU.Build.0 = Release|Any CPU
		{B8BCE3B9-2568-49FA-90AA-7484E1B67E8A}.Release|x86.ActiveCfg = Release|Any CPU
		{B8BCE3B9-2568-49FA-90AA-7484E1B67E8A}.Release|x86.Build.0 = Release|Any CPU
		{BC011879-54BF-481F-BC61-35190927ADDE}.Debug|Any CPU.ActiveCfg = Debug|Any CPU
		{BC011879-54BF-481F-BC61-35190927ADDE}.Debug|Any CPU.Build.0 = Debug|Any CPU
		{BC011879-54BF-481F-BC61-35190927ADDE}.Debug|x86.ActiveCfg = Debug|Any CPU
		{BC011879-54BF-481F-BC61-35190927ADDE}.Debug|x86.Build.0 = Debug|Any CPU
		{BC011879-54BF-481F-BC61-35190927ADDE}.Release|Any CPU.ActiveCfg = Release|Any CPU
		{BC011879-54BF-481F-BC61-35190927ADDE}.Release|Any CPU.Build.0 = Release|Any CPU
		{BC011879-54BF-481F-BC61-35190927ADDE}.Release|x86.ActiveCfg = Release|Any CPU
		{BC011879-54BF-481F-BC61-35190927ADDE}.Release|x86.Build.0 = Release|Any CPU
		{848AF5DD-573A-499F-9B02-F218D5A48273}.Debug|Any CPU.ActiveCfg = Debug|x86
		{848AF5DD-573A-499F-9B02-F218D5A48273}.Debug|x86.ActiveCfg = Debug|x86
		{848AF5DD-573A-499F-9B02-F218D5A48273}.Debug|x86.Build.0 = Debug|x86
		{848AF5DD-573A-499F-9B02-F218D5A48273}.Release|Any CPU.ActiveCfg = Release|x86
		{848AF5DD-573A-499F-9B02-F218D5A48273}.Release|x86.ActiveCfg = Release|x86
		{848AF5DD-573A-499F-9B02-F218D5A48273}.Release|x86.Build.0 = Release|x86
	EndGlobalSection
	GlobalSection(SolutionProperties) = preSolution
		HideSolutionNode = FALSE
	EndGlobalSection
EndGlobal
