
Microsoft Visual Studio Solution File, Format Version 12.00
# Visual Studio 14
VisualStudioVersion = 14.0.24720.0
MinimumVisualStudioVersion = 10.0.40219.1
Project("{D954291E-2A0B-460D-934E-DC6B0785DB48}") = "MedEnthLogsApi", "MedEnthLogsApi\MedEnthLogsApi.shproj", "{C90E9A74-9CB3-4A08-BFE0-6E3B759BCC2E}"
EndProject
Project("{FAE04EC0-301F-11D3-BF4B-00C04F79EFBC}") = "MedEnthLogsWin10", "MedEnthLogsWin10\MedEnthLogsWin10.csproj", "{4C5C9A21-33F1-4742-8776-8E7F6CF28635}"
EndProject
Project("{FAE04EC0-301F-11D3-BF4B-00C04F79EFBC}") = "MedEnthLogsDesktop", "MedEnthDesktop\MedEnthLogsDesktop.csproj", "{4815671C-B7D0-4FE8-8F16-F4C12BC07221}"
EndProject
Project("{FAE04EC0-301F-11D3-BF4B-00C04F79EFBC}") = "TestDesktop", "TestDesktop\TestDesktop.csproj", "{BC011879-54BF-481F-BC61-35190927ADDE}"
	ProjectSection(ProjectDependencies) = postProject
		{4C5C9A21-33F1-4742-8776-8E7F6CF28635} = {4C5C9A21-33F1-4742-8776-8E7F6CF28635}
	EndProjectSection
EndProject
Project("{FAE04EC0-301F-11D3-BF4B-00C04F79EFBC}") = "MedEnthLogsCli", "MedEnthLogsCli\MedEnthLogsCli.csproj", "{8FD66191-747C-48B8-B27B-0E41E40A4C4E}"
EndProject
Project("{930C7802-8A8C-48F9-8165-68863BCCD9DD}") = "Win32Install", "Win32Install\Win32Install.wixproj", "{848AF5DD-573A-499F-9B02-F218D5A48273}"
	ProjectSection(ProjectDependencies) = postProject
		{8FD66191-747C-48B8-B27B-0E41E40A4C4E} = {8FD66191-747C-48B8-B27B-0E41E40A4C4E}
	EndProjectSection
EndProject
Project("{D954291E-2A0B-460D-934E-DC6B0785DB48}") = "SethCS", "..\SethCS\SethCS\SethCS.shproj", "{52089274-B9A2-4A47-A221-C321DEE1CE7F}"
EndProject
Project("{D954291E-2A0B-460D-934E-DC6B0785DB48}") = "TestCore", "TestCore\TestCore.shproj", "{8D1D8BC8-F9DC-403D-B481-3A5FE3556D5F}"
EndProject
Project("{FAE04EC0-301F-11D3-BF4B-00C04F79EFBC}") = "TestCoreDesktop", "TestCoreDesktop\TestCoreDesktop.csproj", "{B8BCE3B9-2568-49FA-90AA-7484E1B67E8A}"
EndProject
Global
	GlobalSection(SharedMSBuildProjectFiles) = preSolution
		..\SethCS\SethCS\SethCS.projitems*{b8bce3b9-2568-49fa-90aa-7484e1b67e8a}*SharedItemsImports = 4
		TestCore\TestCore.projitems*{b8bce3b9-2568-49fa-90aa-7484e1b67e8a}*SharedItemsImports = 4
		..\SethCS\SethCS\SethCS.projitems*{4c5c9a21-33f1-4742-8776-8e7f6cf28635}*SharedItemsImports = 4
		MedEnthLogsApi\MedEnthLogsApi.projitems*{4c5c9a21-33f1-4742-8776-8e7f6cf28635}*SharedItemsImports = 4
		..\SethCS\SethCS\SethCS.projitems*{4815671c-b7d0-4fe8-8f16-f4c12bc07221}*SharedItemsImports = 4
		MedEnthLogsApi\MedEnthLogsApi.projitems*{4815671c-b7d0-4fe8-8f16-f4c12bc07221}*SharedItemsImports = 4
		..\SethCS\SethCS\SethCS.projitems*{52089274-b9a2-4a47-a221-c321dee1ce7f}*SharedItemsImports = 13
		MedEnthLogsApi\MedEnthLogsApi.projitems*{c90e9a74-9cb3-4a08-bfe0-6e3b759bcc2e}*SharedItemsImports = 13
		TestCore\TestCore.projitems*{8d1d8bc8-f9dc-403d-b481-3a5fe3556d5f}*SharedItemsImports = 13
	EndGlobalSection
	GlobalSection(SolutionConfigurationPlatforms) = preSolution
		Debug|Any CPU = Debug|Any CPU
		Debug|ARM = Debug|ARM
		Debug|x64 = Debug|x64
		Debug|x86 = Debug|x86
		Release|Any CPU = Release|Any CPU
		Release|ARM = Release|ARM
		Release|x64 = Release|x64
		Release|x86 = Release|x86
	EndGlobalSection
	GlobalSection(ProjectConfigurationPlatforms) = postSolution
		{4C5C9A21-33F1-4742-8776-8E7F6CF28635}.Debug|Any CPU.ActiveCfg = Debug|x64
		{4C5C9A21-33F1-4742-8776-8E7F6CF28635}.Debug|Any CPU.Build.0 = Debug|x64
		{4C5C9A21-33F1-4742-8776-8E7F6CF28635}.Debug|Any CPU.Deploy.0 = Debug|x64
		{4C5C9A21-33F1-4742-8776-8E7F6CF28635}.Debug|ARM.ActiveCfg = Debug|ARM
		{4C5C9A21-33F1-4742-8776-8E7F6CF28635}.Debug|ARM.Build.0 = Debug|ARM
		{4C5C9A21-33F1-4742-8776-8E7F6CF28635}.Debug|ARM.Deploy.0 = Debug|ARM
		{4C5C9A21-33F1-4742-8776-8E7F6CF28635}.Debug|x64.ActiveCfg = Debug|x64
		{4C5C9A21-33F1-4742-8776-8E7F6CF28635}.Debug|x64.Build.0 = Debug|x64
		{4C5C9A21-33F1-4742-8776-8E7F6CF28635}.Debug|x64.Deploy.0 = Debug|x64
		{4C5C9A21-33F1-4742-8776-8E7F6CF28635}.Debug|x86.ActiveCfg = Debug|x86
		{4C5C9A21-33F1-4742-8776-8E7F6CF28635}.Debug|x86.Build.0 = Debug|x86
		{4C5C9A21-33F1-4742-8776-8E7F6CF28635}.Debug|x86.Deploy.0 = Debug|x86
		{4C5C9A21-33F1-4742-8776-8E7F6CF28635}.Release|Any CPU.ActiveCfg = Release|x86
		{4C5C9A21-33F1-4742-8776-8E7F6CF28635}.Release|ARM.ActiveCfg = Release|ARM
		{4C5C9A21-33F1-4742-8776-8E7F6CF28635}.Release|ARM.Build.0 = Release|ARM
		{4C5C9A21-33F1-4742-8776-8E7F6CF28635}.Release|ARM.Deploy.0 = Release|ARM
		{4C5C9A21-33F1-4742-8776-8E7F6CF28635}.Release|x64.ActiveCfg = Release|x64
		{4C5C9A21-33F1-4742-8776-8E7F6CF28635}.Release|x64.Build.0 = Release|x64
		{4C5C9A21-33F1-4742-8776-8E7F6CF28635}.Release|x64.Deploy.0 = Release|x64
		{4C5C9A21-33F1-4742-8776-8E7F6CF28635}.Release|x86.ActiveCfg = Release|x86
		{4C5C9A21-33F1-4742-8776-8E7F6CF28635}.Release|x86.Build.0 = Release|x86
		{4C5C9A21-33F1-4742-8776-8E7F6CF28635}.Release|x86.Deploy.0 = Release|x86
		{4815671C-B7D0-4FE8-8F16-F4C12BC07221}.Debug|Any CPU.ActiveCfg = Debug|Any CPU
		{4815671C-B7D0-4FE8-8F16-F4C12BC07221}.Debug|Any CPU.Build.0 = Debug|Any CPU
		{4815671C-B7D0-4FE8-8F16-F4C12BC07221}.Debug|ARM.ActiveCfg = Debug|Any CPU
		{4815671C-B7D0-4FE8-8F16-F4C12BC07221}.Debug|ARM.Build.0 = Debug|Any CPU
		{4815671C-B7D0-4FE8-8F16-F4C12BC07221}.Debug|x64.ActiveCfg = Debug|Any CPU
		{4815671C-B7D0-4FE8-8F16-F4C12BC07221}.Debug|x64.Build.0 = Debug|Any CPU
		{4815671C-B7D0-4FE8-8F16-F4C12BC07221}.Debug|x86.ActiveCfg = Debug|Any CPU
		{4815671C-B7D0-4FE8-8F16-F4C12BC07221}.Debug|x86.Build.0 = Debug|Any CPU
		{4815671C-B7D0-4FE8-8F16-F4C12BC07221}.Release|Any CPU.ActiveCfg = Release|Any CPU
		{4815671C-B7D0-4FE8-8F16-F4C12BC07221}.Release|Any CPU.Build.0 = Release|Any CPU
		{4815671C-B7D0-4FE8-8F16-F4C12BC07221}.Release|ARM.ActiveCfg = Release|Any CPU
		{4815671C-B7D0-4FE8-8F16-F4C12BC07221}.Release|ARM.Build.0 = Release|Any CPU
		{4815671C-B7D0-4FE8-8F16-F4C12BC07221}.Release|x64.ActiveCfg = Release|Any CPU
		{4815671C-B7D0-4FE8-8F16-F4C12BC07221}.Release|x64.Build.0 = Release|Any CPU
		{4815671C-B7D0-4FE8-8F16-F4C12BC07221}.Release|x86.ActiveCfg = Release|Any CPU
		{4815671C-B7D0-4FE8-8F16-F4C12BC07221}.Release|x86.Build.0 = Release|Any CPU
		{BC011879-54BF-481F-BC61-35190927ADDE}.Debug|Any CPU.ActiveCfg = Debug|Any CPU
		{BC011879-54BF-481F-BC61-35190927ADDE}.Debug|Any CPU.Build.0 = Debug|Any CPU
		{BC011879-54BF-481F-BC61-35190927ADDE}.Debug|ARM.ActiveCfg = Debug|Any CPU
		{BC011879-54BF-481F-BC61-35190927ADDE}.Debug|ARM.Build.0 = Debug|Any CPU
		{BC011879-54BF-481F-BC61-35190927ADDE}.Debug|x64.ActiveCfg = Debug|Any CPU
		{BC011879-54BF-481F-BC61-35190927ADDE}.Debug|x64.Build.0 = Debug|Any CPU
		{BC011879-54BF-481F-BC61-35190927ADDE}.Debug|x86.ActiveCfg = Debug|Any CPU
		{BC011879-54BF-481F-BC61-35190927ADDE}.Debug|x86.Build.0 = Debug|Any CPU
		{BC011879-54BF-481F-BC61-35190927ADDE}.Release|Any CPU.ActiveCfg = Release|Any CPU
		{BC011879-54BF-481F-BC61-35190927ADDE}.Release|Any CPU.Build.0 = Release|Any CPU
		{BC011879-54BF-481F-BC61-35190927ADDE}.Release|ARM.ActiveCfg = Release|Any CPU
		{BC011879-54BF-481F-BC61-35190927ADDE}.Release|ARM.Build.0 = Release|Any CPU
		{BC011879-54BF-481F-BC61-35190927ADDE}.Release|x64.ActiveCfg = Release|Any CPU
		{BC011879-54BF-481F-BC61-35190927ADDE}.Release|x64.Build.0 = Release|Any CPU
		{BC011879-54BF-481F-BC61-35190927ADDE}.Release|x86.ActiveCfg = Release|Any CPU
		{BC011879-54BF-481F-BC61-35190927ADDE}.Release|x86.Build.0 = Release|Any CPU
		{8FD66191-747C-48B8-B27B-0E41E40A4C4E}.Debug|Any CPU.ActiveCfg = Debug|Any CPU
		{8FD66191-747C-48B8-B27B-0E41E40A4C4E}.Debug|Any CPU.Build.0 = Debug|Any CPU
		{8FD66191-747C-48B8-B27B-0E41E40A4C4E}.Debug|ARM.ActiveCfg = Debug|Any CPU
		{8FD66191-747C-48B8-B27B-0E41E40A4C4E}.Debug|ARM.Build.0 = Debug|Any CPU
		{8FD66191-747C-48B8-B27B-0E41E40A4C4E}.Debug|x64.ActiveCfg = Debug|Any CPU
		{8FD66191-747C-48B8-B27B-0E41E40A4C4E}.Debug|x64.Build.0 = Debug|Any CPU
		{8FD66191-747C-48B8-B27B-0E41E40A4C4E}.Debug|x86.ActiveCfg = Debug|Any CPU
		{8FD66191-747C-48B8-B27B-0E41E40A4C4E}.Debug|x86.Build.0 = Debug|Any CPU
		{8FD66191-747C-48B8-B27B-0E41E40A4C4E}.Release|Any CPU.ActiveCfg = Release|Any CPU
		{8FD66191-747C-48B8-B27B-0E41E40A4C4E}.Release|Any CPU.Build.0 = Release|Any CPU
		{8FD66191-747C-48B8-B27B-0E41E40A4C4E}.Release|ARM.ActiveCfg = Release|Any CPU
		{8FD66191-747C-48B8-B27B-0E41E40A4C4E}.Release|ARM.Build.0 = Release|Any CPU
		{8FD66191-747C-48B8-B27B-0E41E40A4C4E}.Release|x64.ActiveCfg = Release|Any CPU
		{8FD66191-747C-48B8-B27B-0E41E40A4C4E}.Release|x64.Build.0 = Release|Any CPU
		{8FD66191-747C-48B8-B27B-0E41E40A4C4E}.Release|x86.ActiveCfg = Release|Any CPU
		{8FD66191-747C-48B8-B27B-0E41E40A4C4E}.Release|x86.Build.0 = Release|Any CPU
		{848AF5DD-573A-499F-9B02-F218D5A48273}.Debug|Any CPU.ActiveCfg = Debug|x86
		{848AF5DD-573A-499F-9B02-F218D5A48273}.Debug|ARM.ActiveCfg = Debug|x86
		{848AF5DD-573A-499F-9B02-F218D5A48273}.Debug|x64.ActiveCfg = Debug|x86
		{848AF5DD-573A-499F-9B02-F218D5A48273}.Debug|x86.ActiveCfg = Debug|x86
		{848AF5DD-573A-499F-9B02-F218D5A48273}.Debug|x86.Build.0 = Debug|x86
		{848AF5DD-573A-499F-9B02-F218D5A48273}.Release|Any CPU.ActiveCfg = Release|x86
		{848AF5DD-573A-499F-9B02-F218D5A48273}.Release|ARM.ActiveCfg = Release|x86
		{848AF5DD-573A-499F-9B02-F218D5A48273}.Release|x64.ActiveCfg = Release|x86
		{848AF5DD-573A-499F-9B02-F218D5A48273}.Release|x86.ActiveCfg = Release|x86
		{848AF5DD-573A-499F-9B02-F218D5A48273}.Release|x86.Build.0 = Release|x86
		{B8BCE3B9-2568-49FA-90AA-7484E1B67E8A}.Debug|Any CPU.ActiveCfg = Debug|Any CPU
		{B8BCE3B9-2568-49FA-90AA-7484E1B67E8A}.Debug|Any CPU.Build.0 = Debug|Any CPU
		{B8BCE3B9-2568-49FA-90AA-7484E1B67E8A}.Debug|ARM.ActiveCfg = Debug|Any CPU
		{B8BCE3B9-2568-49FA-90AA-7484E1B67E8A}.Debug|ARM.Build.0 = Debug|Any CPU
		{B8BCE3B9-2568-49FA-90AA-7484E1B67E8A}.Debug|x64.ActiveCfg = Debug|Any CPU
		{B8BCE3B9-2568-49FA-90AA-7484E1B67E8A}.Debug|x64.Build.0 = Debug|Any CPU
		{B8BCE3B9-2568-49FA-90AA-7484E1B67E8A}.Debug|x86.ActiveCfg = Debug|Any CPU
		{B8BCE3B9-2568-49FA-90AA-7484E1B67E8A}.Debug|x86.Build.0 = Debug|Any CPU
		{B8BCE3B9-2568-49FA-90AA-7484E1B67E8A}.Release|Any CPU.ActiveCfg = Release|Any CPU
		{B8BCE3B9-2568-49FA-90AA-7484E1B67E8A}.Release|Any CPU.Build.0 = Release|Any CPU
		{B8BCE3B9-2568-49FA-90AA-7484E1B67E8A}.Release|ARM.ActiveCfg = Release|Any CPU
		{B8BCE3B9-2568-49FA-90AA-7484E1B67E8A}.Release|ARM.Build.0 = Release|Any CPU
		{B8BCE3B9-2568-49FA-90AA-7484E1B67E8A}.Release|x64.ActiveCfg = Release|Any CPU
		{B8BCE3B9-2568-49FA-90AA-7484E1B67E8A}.Release|x64.Build.0 = Release|Any CPU
		{B8BCE3B9-2568-49FA-90AA-7484E1B67E8A}.Release|x86.ActiveCfg = Release|Any CPU
		{B8BCE3B9-2568-49FA-90AA-7484E1B67E8A}.Release|x86.Build.0 = Release|Any CPU
	EndGlobalSection
	GlobalSection(SolutionProperties) = preSolution
		HideSolutionNode = FALSE
	EndGlobalSection
EndGlobal
