
Microsoft Visual Studio Solution File, Format Version 12.00
# Visual Studio 14
VisualStudioVersion = 14.0.25420.1
MinimumVisualStudioVersion = 10.0.40219.1
Project("{D954291E-2A0B-460D-934E-DC6B0785DB48}") = "MedEnthLogsApi", "MedEnthLogsApi\MedEnthLogsApi.shproj", "{C90E9A74-9CB3-4A08-BFE0-6E3B759BCC2E}"
EndProject
Project("{FAE04EC0-301F-11D3-BF4B-00C04F79EFBC}") = "MedEnthLogsWin10", "MedEnthLogsWin10\MedEnthLogsWin10.csproj", "{4C5C9A21-33F1-4742-8776-8E7F6CF28635}"
EndProject
Project("{FAE04EC0-301F-11D3-BF4B-00C04F79EFBC}") = "MedEnthLogsDesktop", "MedEnthDesktop\MedEnthLogsDesktop.csproj", "{4815671C-B7D0-4FE8-8F16-F4C12BC07221}"
EndProject
Project("{FAE04EC0-301F-11D3-BF4B-00C04F79EFBC}") = "TestDesktop", "TestDesktop\TestDesktop.csproj", "{BC011879-54BF-481F-BC61-35190927ADDE}"
	ProjectSection(ProjectDependencies) = postProject
		{4C5C9A21-33F1-4742-8776-8E7F6CF28635} = {4C5C9A21-33F1-4742-8776-8E7F6CF28635}
	EndProjectSection
EndProject
Project("{FAE04EC0-301F-11D3-BF4B-00C04F79EFBC}") = "MedEnthLogsCli", "MedEnthLogsCli\MedEnthLogsCli.csproj", "{8FD66191-747C-48B8-B27B-0E41E40A4C4E}"
EndProject
Project("{930C7802-8A8C-48F9-8165-68863BCCD9DD}") = "Win32Install", "Win32Install\Win32Install.wixproj", "{848AF5DD-573A-499F-9B02-F218D5A48273}"
	ProjectSection(ProjectDependencies) = postProject
		{8FD66191-747C-48B8-B27B-0E41E40A4C4E} = {8FD66191-747C-48B8-B27B-0E41E40A4C4E}
	EndProjectSection
EndProject
Project("{D954291E-2A0B-460D-934E-DC6B0785DB48}") = "SethCS", "..\SethCS\SethCS\SethCS.shproj", "{52089274-B9A2-4A47-A221-C321DEE1CE7F}"
EndProject
Project("{D954291E-2A0B-460D-934E-DC6B0785DB48}") = "TestCore", "TestCore\TestCore.shproj", "{8D1D8BC8-F9DC-403D-B481-3A5FE3556D5F}"
EndProject
Project("{FAE04EC0-301F-11D3-BF4B-00C04F79EFBC}") = "TestCoreDesktop", "TestCoreDesktop\TestCoreDesktop.csproj", "{B8BCE3B9-2568-49FA-90AA-7484E1B67E8A}"
EndProject
Project("{FAE04EC0-301F-11D3-BF4B-00C04F79EFBC}") = "LogWebPage", "LogWebPage\LogWebPage.csproj", "{A349C6A4-4862-4EA9-8F1C-1FE07233ACB1}"
EndProject
Project("{FAE04EC0-301F-11D3-BF4B-00C04F79EFBC}") = "MedEnthLogsPhoneApp.Droid", "MedEnthLogsPhoneApp\MedEnthLogsPhoneApp.Droid\MedEnthLogsPhoneApp.Droid.csproj", "{7E8B3126-CF97-447F-9D42-77F8DDDCE558}"
EndProject
Project("{FAE04EC0-301F-11D3-BF4B-00C04F79EFBC}") = "MedEnthLogsPhoneApp.iOS", "MedEnthLogsPhoneApp\MedEnthLogsPhoneApp.iOS\MedEnthLogsPhoneApp.iOS.csproj", "{0FFF41A3-B05D-4D3A-9439-900F1D413D67}"
EndProject
Project("{FAE04EC0-301F-11D3-BF4B-00C04F79EFBC}") = "MedEnthLogsPhoneApp.WinPhone", "MedEnthLogsPhoneApp\MedEnthLogsPhoneApp.WinPhone\MedEnthLogsPhoneApp.WinPhone.csproj", "{E895FD4E-F7E3-4AAA-98AB-BD0B221DF57A}"
EndProject
Project("{FAE04EC0-301F-11D3-BF4B-00C04F79EFBC}") = "MedEnthLogsPhoneApp.UWP", "MedEnthLogsPhoneApp\MedEnthLogsPhoneApp.UWP\MedEnthLogsPhoneApp.UWP.csproj", "{0AA24BCD-933B-4465-B0AE-CD0F375DC085}"
EndProject
Project("{FAE04EC0-301F-11D3-BF4B-00C04F79EFBC}") = "MedEnthLogsPhoneApp.Windows", "MedEnthLogsPhoneApp\MedEnthLogsPhoneApp.Windows\MedEnthLogsPhoneApp.Windows.csproj", "{C7B773DF-7019-491B-B076-7B0AD9679521}"
EndProject
Project("{D954291E-2A0B-460D-934E-DC6B0785DB48}") = "MedEnthLogsPhoneApp", "MedEnthLogsPhoneApp\MedEnthLogsPhoneApp\MedEnthLogsPhoneApp.shproj", "{F6502A96-F278-41B5-87EF-A7075D415AB2}"
EndProject
Project("{2150E333-8FDC-42A3-9474-1A3956D46DE8}") = "Solution Items", "Solution Items", "{DD6909CB-2A4D-42D4-8B70-94B669E76C19}"
	ProjectSection(SolutionItems) = preProject
		..\CREDITS.txt = ..\CREDITS.txt
		..\LICENSE.txt = ..\LICENSE.txt
	EndProjectSection
EndProject
Global
	GlobalSection(SharedMSBuildProjectFiles) = preSolution
		MedEnthLogsPhoneApp\MedEnthLogsPhoneApp\MedEnthLogsPhoneApp.projitems*{0aa24bcd-933b-4465-b0ae-cd0f375dc085}*SharedItemsImports = 4
		MedEnthLogsPhoneApp\MedEnthLogsPhoneApp\MedEnthLogsPhoneApp.projitems*{0fff41a3-b05d-4d3a-9439-900f1d413d67}*SharedItemsImports = 4
		MedEnthLogsApi\MedEnthLogsApi.projitems*{4815671c-b7d0-4fe8-8f16-f4c12bc07221}*SharedItemsImports = 4
		..\SethCS\SethCS\SethCS.projitems*{4815671c-b7d0-4fe8-8f16-f4c12bc07221}*SharedItemsImports = 4
		MedEnthLogsApi\MedEnthLogsApi.projitems*{4c5c9a21-33f1-4742-8776-8e7f6cf28635}*SharedItemsImports = 4
		..\SethCS\SethCS\SethCS.projitems*{4c5c9a21-33f1-4742-8776-8e7f6cf28635}*SharedItemsImports = 4
		..\SethCS\SethCS\SethCS.projitems*{52089274-b9a2-4a47-a221-c321dee1ce7f}*SharedItemsImports = 13
		MedEnthLogsPhoneApp\MedEnthLogsPhoneApp\MedEnthLogsPhoneApp.projitems*{7e8b3126-cf97-447f-9d42-77f8dddce558}*SharedItemsImports = 4
		TestCore\TestCore.projitems*{8d1d8bc8-f9dc-403d-b481-3a5fe3556d5f}*SharedItemsImports = 13
		TestCore\TestCore.projitems*{b8bce3b9-2568-49fa-90aa-7484e1b67e8a}*SharedItemsImports = 4
		MedEnthLogsPhoneApp\MedEnthLogsPhoneApp\MedEnthLogsPhoneApp.projitems*{c7b773df-7019-491b-b076-7b0ad9679521}*SharedItemsImports = 4
		MedEnthLogsApi\MedEnthLogsApi.projitems*{c90e9a74-9cb3-4a08-bfe0-6e3b759bcc2e}*SharedItemsImports = 13
		MedEnthLogsPhoneApp\MedEnthLogsPhoneApp\MedEnthLogsPhoneApp.projitems*{e895fd4e-f7e3-4aaa-98ab-bd0b221df57a}*SharedItemsImports = 4
		MedEnthLogsPhoneApp\MedEnthLogsPhoneApp\MedEnthLogsPhoneApp.projitems*{f6502a96-f278-41b5-87ef-a7075d415ab2}*SharedItemsImports = 13
	EndGlobalSection
	GlobalSection(SolutionConfigurationPlatforms) = preSolution
		Ad-Hoc|Any CPU = Ad-Hoc|Any CPU
		Ad-Hoc|ARM = Ad-Hoc|ARM
		Ad-Hoc|iPhone = Ad-Hoc|iPhone
		Ad-Hoc|iPhoneSimulator = Ad-Hoc|iPhoneSimulator
		Ad-Hoc|x64 = Ad-Hoc|x64
		Ad-Hoc|x86 = Ad-Hoc|x86
		AppStore|Any CPU = AppStore|Any CPU
		AppStore|ARM = AppStore|ARM
		AppStore|iPhone = AppStore|iPhone
		AppStore|iPhoneSimulator = AppStore|iPhoneSimulator
		AppStore|x64 = AppStore|x64
		AppStore|x86 = AppStore|x86
		Debug|Any CPU = Debug|Any CPU
		Debug|ARM = Debug|ARM
		Debug|iPhone = Debug|iPhone
		Debug|iPhoneSimulator = Debug|iPhoneSimulator
		Debug|x64 = Debug|x64
		Debug|x86 = Debug|x86
		Release|Any CPU = Release|Any CPU
		Release|ARM = Release|ARM
		Release|iPhone = Release|iPhone
		Release|iPhoneSimulator = Release|iPhoneSimulator
		Release|x64 = Release|x64
		Release|x86 = Release|x86
	EndGlobalSection
	GlobalSection(ProjectConfigurationPlatforms) = postSolution
		{4C5C9A21-33F1-4742-8776-8E7F6CF28635}.Ad-Hoc|Any CPU.ActiveCfg = Release|x64
		{4C5C9A21-33F1-4742-8776-8E7F6CF28635}.Ad-Hoc|Any CPU.Build.0 = Release|x64
		{4C5C9A21-33F1-4742-8776-8E7F6CF28635}.Ad-Hoc|Any CPU.Deploy.0 = Release|x64
		{4C5C9A21-33F1-4742-8776-8E7F6CF28635}.Ad-Hoc|ARM.ActiveCfg = Release|ARM
		{4C5C9A21-33F1-4742-8776-8E7F6CF28635}.Ad-Hoc|ARM.Build.0 = Release|ARM
		{4C5C9A21-33F1-4742-8776-8E7F6CF28635}.Ad-Hoc|ARM.Deploy.0 = Release|ARM
		{4C5C9A21-33F1-4742-8776-8E7F6CF28635}.Ad-Hoc|iPhone.ActiveCfg = Release|x64
		{4C5C9A21-33F1-4742-8776-8E7F6CF28635}.Ad-Hoc|iPhone.Build.0 = Release|x64
		{4C5C9A21-33F1-4742-8776-8E7F6CF28635}.Ad-Hoc|iPhone.Deploy.0 = Release|x64
		{4C5C9A21-33F1-4742-8776-8E7F6CF28635}.Ad-Hoc|iPhoneSimulator.ActiveCfg = Release|x64
		{4C5C9A21-33F1-4742-8776-8E7F6CF28635}.Ad-Hoc|iPhoneSimulator.Build.0 = Release|x64
		{4C5C9A21-33F1-4742-8776-8E7F6CF28635}.Ad-Hoc|iPhoneSimulator.Deploy.0 = Release|x64
		{4C5C9A21-33F1-4742-8776-8E7F6CF28635}.Ad-Hoc|x64.ActiveCfg = Release|x64
		{4C5C9A21-33F1-4742-8776-8E7F6CF28635}.Ad-Hoc|x64.Build.0 = Release|x64
		{4C5C9A21-33F1-4742-8776-8E7F6CF28635}.Ad-Hoc|x64.Deploy.0 = Release|x64
		{4C5C9A21-33F1-4742-8776-8E7F6CF28635}.Ad-Hoc|x86.ActiveCfg = Release|x86
		{4C5C9A21-33F1-4742-8776-8E7F6CF28635}.Ad-Hoc|x86.Build.0 = Release|x86
		{4C5C9A21-33F1-4742-8776-8E7F6CF28635}.Ad-Hoc|x86.Deploy.0 = Release|x86
		{4C5C9A21-33F1-4742-8776-8E7F6CF28635}.AppStore|Any CPU.ActiveCfg = Release|x64
		{4C5C9A21-33F1-4742-8776-8E7F6CF28635}.AppStore|Any CPU.Build.0 = Release|x64
		{4C5C9A21-33F1-4742-8776-8E7F6CF28635}.AppStore|Any CPU.Deploy.0 = Release|x64
		{4C5C9A21-33F1-4742-8776-8E7F6CF28635}.AppStore|ARM.ActiveCfg = Release|ARM
		{4C5C9A21-33F1-4742-8776-8E7F6CF28635}.AppStore|ARM.Build.0 = Release|ARM
		{4C5C9A21-33F1-4742-8776-8E7F6CF28635}.AppStore|ARM.Deploy.0 = Release|ARM
		{4C5C9A21-33F1-4742-8776-8E7F6CF28635}.AppStore|iPhone.ActiveCfg = Release|x64
		{4C5C9A21-33F1-4742-8776-8E7F6CF28635}.AppStore|iPhone.Build.0 = Release|x64
		{4C5C9A21-33F1-4742-8776-8E7F6CF28635}.AppStore|iPhone.Deploy.0 = Release|x64
		{4C5C9A21-33F1-4742-8776-8E7F6CF28635}.AppStore|iPhoneSimulator.ActiveCfg = Release|x64
		{4C5C9A21-33F1-4742-8776-8E7F6CF28635}.AppStore|iPhoneSimulator.Build.0 = Release|x64
		{4C5C9A21-33F1-4742-8776-8E7F6CF28635}.AppStore|iPhoneSimulator.Deploy.0 = Release|x64
		{4C5C9A21-33F1-4742-8776-8E7F6CF28635}.AppStore|x64.ActiveCfg = Release|x64
		{4C5C9A21-33F1-4742-8776-8E7F6CF28635}.AppStore|x64.Build.0 = Release|x64
		{4C5C9A21-33F1-4742-8776-8E7F6CF28635}.AppStore|x64.Deploy.0 = Release|x64
		{4C5C9A21-33F1-4742-8776-8E7F6CF28635}.AppStore|x86.ActiveCfg = Release|x86
		{4C5C9A21-33F1-4742-8776-8E7F6CF28635}.AppStore|x86.Build.0 = Release|x86
		{4C5C9A21-33F1-4742-8776-8E7F6CF28635}.AppStore|x86.Deploy.0 = Release|x86
		{4C5C9A21-33F1-4742-8776-8E7F6CF28635}.Debug|Any CPU.ActiveCfg = Debug|x64
		{4C5C9A21-33F1-4742-8776-8E7F6CF28635}.Debug|Any CPU.Build.0 = Debug|x64
		{4C5C9A21-33F1-4742-8776-8E7F6CF28635}.Debug|Any CPU.Deploy.0 = Debug|x64
		{4C5C9A21-33F1-4742-8776-8E7F6CF28635}.Debug|ARM.ActiveCfg = Debug|ARM
		{4C5C9A21-33F1-4742-8776-8E7F6CF28635}.Debug|ARM.Build.0 = Debug|ARM
		{4C5C9A21-33F1-4742-8776-8E7F6CF28635}.Debug|ARM.Deploy.0 = Debug|ARM
		{4C5C9A21-33F1-4742-8776-8E7F6CF28635}.Debug|iPhone.ActiveCfg = Debug|x86
		{4C5C9A21-33F1-4742-8776-8E7F6CF28635}.Debug|iPhoneSimulator.ActiveCfg = Debug|x86
		{4C5C9A21-33F1-4742-8776-8E7F6CF28635}.Debug|x64.ActiveCfg = Debug|x64
		{4C5C9A21-33F1-4742-8776-8E7F6CF28635}.Debug|x64.Build.0 = Debug|x64
		{4C5C9A21-33F1-4742-8776-8E7F6CF28635}.Debug|x64.Deploy.0 = Debug|x64
		{4C5C9A21-33F1-4742-8776-8E7F6CF28635}.Debug|x86.ActiveCfg = Debug|x86
		{4C5C9A21-33F1-4742-8776-8E7F6CF28635}.Debug|x86.Build.0 = Debug|x86
		{4C5C9A21-33F1-4742-8776-8E7F6CF28635}.Debug|x86.Deploy.0 = Debug|x86
		{4C5C9A21-33F1-4742-8776-8E7F6CF28635}.Release|Any CPU.ActiveCfg = Release|x86
		{4C5C9A21-33F1-4742-8776-8E7F6CF28635}.Release|ARM.ActiveCfg = Release|ARM
		{4C5C9A21-33F1-4742-8776-8E7F6CF28635}.Release|ARM.Build.0 = Release|ARM
		{4C5C9A21-33F1-4742-8776-8E7F6CF28635}.Release|ARM.Deploy.0 = Release|ARM
		{4C5C9A21-33F1-4742-8776-8E7F6CF28635}.Release|iPhone.ActiveCfg = Release|x86
		{4C5C9A21-33F1-4742-8776-8E7F6CF28635}.Release|iPhoneSimulator.ActiveCfg = Release|x86
		{4C5C9A21-33F1-4742-8776-8E7F6CF28635}.Release|x64.ActiveCfg = Release|x64
		{4C5C9A21-33F1-4742-8776-8E7F6CF28635}.Release|x64.Build.0 = Release|x64
		{4C5C9A21-33F1-4742-8776-8E7F6CF28635}.Release|x64.Deploy.0 = Release|x64
		{4C5C9A21-33F1-4742-8776-8E7F6CF28635}.Release|x86.ActiveCfg = Release|x86
		{4C5C9A21-33F1-4742-8776-8E7F6CF28635}.Release|x86.Build.0 = Release|x86
		{4C5C9A21-33F1-4742-8776-8E7F6CF28635}.Release|x86.Deploy.0 = Release|x86
		{4815671C-B7D0-4FE8-8F16-F4C12BC07221}.Ad-Hoc|Any CPU.ActiveCfg = Release|Any CPU
		{4815671C-B7D0-4FE8-8F16-F4C12BC07221}.Ad-Hoc|Any CPU.Build.0 = Release|Any CPU
		{4815671C-B7D0-4FE8-8F16-F4C12BC07221}.Ad-Hoc|ARM.ActiveCfg = Release|Any CPU
		{4815671C-B7D0-4FE8-8F16-F4C12BC07221}.Ad-Hoc|ARM.Build.0 = Release|Any CPU
		{4815671C-B7D0-4FE8-8F16-F4C12BC07221}.Ad-Hoc|iPhone.ActiveCfg = Release|Any CPU
		{4815671C-B7D0-4FE8-8F16-F4C12BC07221}.Ad-Hoc|iPhone.Build.0 = Release|Any CPU
		{4815671C-B7D0-4FE8-8F16-F4C12BC07221}.Ad-Hoc|iPhoneSimulator.ActiveCfg = Release|Any CPU
		{4815671C-B7D0-4FE8-8F16-F4C12BC07221}.Ad-Hoc|iPhoneSimulator.Build.0 = Release|Any CPU
		{4815671C-B7D0-4FE8-8F16-F4C12BC07221}.Ad-Hoc|x64.ActiveCfg = Release|Any CPU
		{4815671C-B7D0-4FE8-8F16-F4C12BC07221}.Ad-Hoc|x64.Build.0 = Release|Any CPU
		{4815671C-B7D0-4FE8-8F16-F4C12BC07221}.Ad-Hoc|x86.ActiveCfg = Release|Any CPU
		{4815671C-B7D0-4FE8-8F16-F4C12BC07221}.Ad-Hoc|x86.Build.0 = Release|Any CPU
		{4815671C-B7D0-4FE8-8F16-F4C12BC07221}.AppStore|Any CPU.ActiveCfg = Release|Any CPU
		{4815671C-B7D0-4FE8-8F16-F4C12BC07221}.AppStore|Any CPU.Build.0 = Release|Any CPU
		{4815671C-B7D0-4FE8-8F16-F4C12BC07221}.AppStore|ARM.ActiveCfg = Release|Any CPU
		{4815671C-B7D0-4FE8-8F16-F4C12BC07221}.AppStore|ARM.Build.0 = Release|Any CPU
		{4815671C-B7D0-4FE8-8F16-F4C12BC07221}.AppStore|iPhone.ActiveCfg = Release|Any CPU
		{4815671C-B7D0-4FE8-8F16-F4C12BC07221}.AppStore|iPhone.Build.0 = Release|Any CPU
		{4815671C-B7D0-4FE8-8F16-F4C12BC07221}.AppStore|iPhoneSimulator.ActiveCfg = Release|Any CPU
		{4815671C-B7D0-4FE8-8F16-F4C12BC07221}.AppStore|iPhoneSimulator.Build.0 = Release|Any CPU
		{4815671C-B7D0-4FE8-8F16-F4C12BC07221}.AppStore|x64.ActiveCfg = Release|Any CPU
		{4815671C-B7D0-4FE8-8F16-F4C12BC07221}.AppStore|x64.Build.0 = Release|Any CPU
		{4815671C-B7D0-4FE8-8F16-F4C12BC07221}.AppStore|x86.ActiveCfg = Release|Any CPU
		{4815671C-B7D0-4FE8-8F16-F4C12BC07221}.AppStore|x86.Build.0 = Release|Any CPU
		{4815671C-B7D0-4FE8-8F16-F4C12BC07221}.Debug|Any CPU.ActiveCfg = Debug|Any CPU
		{4815671C-B7D0-4FE8-8F16-F4C12BC07221}.Debug|Any CPU.Build.0 = Debug|Any CPU
		{4815671C-B7D0-4FE8-8F16-F4C12BC07221}.Debug|ARM.ActiveCfg = Debug|Any CPU
		{4815671C-B7D0-4FE8-8F16-F4C12BC07221}.Debug|ARM.Build.0 = Debug|Any CPU
		{4815671C-B7D0-4FE8-8F16-F4C12BC07221}.Debug|iPhone.ActiveCfg = Debug|Any CPU
		{4815671C-B7D0-4FE8-8F16-F4C12BC07221}.Debug|iPhone.Build.0 = Debug|Any CPU
		{4815671C-B7D0-4FE8-8F16-F4C12BC07221}.Debug|iPhoneSimulator.ActiveCfg = Debug|Any CPU
		{4815671C-B7D0-4FE8-8F16-F4C12BC07221}.Debug|iPhoneSimulator.Build.0 = Debug|Any CPU
		{4815671C-B7D0-4FE8-8F16-F4C12BC07221}.Debug|x64.ActiveCfg = Debug|Any CPU
		{4815671C-B7D0-4FE8-8F16-F4C12BC07221}.Debug|x64.Build.0 = Debug|Any CPU
		{4815671C-B7D0-4FE8-8F16-F4C12BC07221}.Debug|x86.ActiveCfg = Debug|Any CPU
		{4815671C-B7D0-4FE8-8F16-F4C12BC07221}.Debug|x86.Build.0 = Debug|Any CPU
		{4815671C-B7D0-4FE8-8F16-F4C12BC07221}.Release|Any CPU.ActiveCfg = Release|Any CPU
		{4815671C-B7D0-4FE8-8F16-F4C12BC07221}.Release|Any CPU.Build.0 = Release|Any CPU
		{4815671C-B7D0-4FE8-8F16-F4C12BC07221}.Release|ARM.ActiveCfg = Release|Any CPU
		{4815671C-B7D0-4FE8-8F16-F4C12BC07221}.Release|ARM.Build.0 = Release|Any CPU
		{4815671C-B7D0-4FE8-8F16-F4C12BC07221}.Release|iPhone.ActiveCfg = Release|Any CPU
		{4815671C-B7D0-4FE8-8F16-F4C12BC07221}.Release|iPhone.Build.0 = Release|Any CPU
		{4815671C-B7D0-4FE8-8F16-F4C12BC07221}.Release|iPhoneSimulator.ActiveCfg = Release|Any CPU
		{4815671C-B7D0-4FE8-8F16-F4C12BC07221}.Release|iPhoneSimulator.Build.0 = Release|Any CPU
		{4815671C-B7D0-4FE8-8F16-F4C12BC07221}.Release|x64.ActiveCfg = Release|Any CPU
		{4815671C-B7D0-4FE8-8F16-F4C12BC07221}.Release|x64.Build.0 = Release|Any CPU
		{4815671C-B7D0-4FE8-8F16-F4C12BC07221}.Release|x86.ActiveCfg = Release|Any CPU
		{4815671C-B7D0-4FE8-8F16-F4C12BC07221}.Release|x86.Build.0 = Release|Any CPU
		{BC011879-54BF-481F-BC61-35190927ADDE}.Ad-Hoc|Any CPU.ActiveCfg = Release|Any CPU
		{BC011879-54BF-481F-BC61-35190927ADDE}.Ad-Hoc|Any CPU.Build.0 = Release|Any CPU
		{BC011879-54BF-481F-BC61-35190927ADDE}.Ad-Hoc|ARM.ActiveCfg = Release|Any CPU
		{BC011879-54BF-481F-BC61-35190927ADDE}.Ad-Hoc|ARM.Build.0 = Release|Any CPU
		{BC011879-54BF-481F-BC61-35190927ADDE}.Ad-Hoc|iPhone.ActiveCfg = Release|Any CPU
		{BC011879-54BF-481F-BC61-35190927ADDE}.Ad-Hoc|iPhone.Build.0 = Release|Any CPU
		{BC011879-54BF-481F-BC61-35190927ADDE}.Ad-Hoc|iPhoneSimulator.ActiveCfg = Release|Any CPU
		{BC011879-54BF-481F-BC61-35190927ADDE}.Ad-Hoc|iPhoneSimulator.Build.0 = Release|Any CPU
		{BC011879-54BF-481F-BC61-35190927ADDE}.Ad-Hoc|x64.ActiveCfg = Release|Any CPU
		{BC011879-54BF-481F-BC61-35190927ADDE}.Ad-Hoc|x64.Build.0 = Release|Any CPU
		{BC011879-54BF-481F-BC61-35190927ADDE}.Ad-Hoc|x86.ActiveCfg = Release|Any CPU
		{BC011879-54BF-481F-BC61-35190927ADDE}.Ad-Hoc|x86.Build.0 = Release|Any CPU
		{BC011879-54BF-481F-BC61-35190927ADDE}.AppStore|Any CPU.ActiveCfg = Release|Any CPU
		{BC011879-54BF-481F-BC61-35190927ADDE}.AppStore|Any CPU.Build.0 = Release|Any CPU
		{BC011879-54BF-481F-BC61-35190927ADDE}.AppStore|ARM.ActiveCfg = Release|Any CPU
		{BC011879-54BF-481F-BC61-35190927ADDE}.AppStore|ARM.Build.0 = Release|Any CPU
		{BC011879-54BF-481F-BC61-35190927ADDE}.AppStore|iPhone.ActiveCfg = Release|Any CPU
		{BC011879-54BF-481F-BC61-35190927ADDE}.AppStore|iPhone.Build.0 = Release|Any CPU
		{BC011879-54BF-481F-BC61-35190927ADDE}.AppStore|iPhoneSimulator.ActiveCfg = Release|Any CPU
		{BC011879-54BF-481F-BC61-35190927ADDE}.AppStore|iPhoneSimulator.Build.0 = Release|Any CPU
		{BC011879-54BF-481F-BC61-35190927ADDE}.AppStore|x64.ActiveCfg = Release|Any CPU
		{BC011879-54BF-481F-BC61-35190927ADDE}.AppStore|x64.Build.0 = Release|Any CPU
		{BC011879-54BF-481F-BC61-35190927ADDE}.AppStore|x86.ActiveCfg = Release|Any CPU
		{BC011879-54BF-481F-BC61-35190927ADDE}.AppStore|x86.Build.0 = Release|Any CPU
		{BC011879-54BF-481F-BC61-35190927ADDE}.Debug|Any CPU.ActiveCfg = Debug|Any CPU
		{BC011879-54BF-481F-BC61-35190927ADDE}.Debug|Any CPU.Build.0 = Debug|Any CPU
		{BC011879-54BF-481F-BC61-35190927ADDE}.Debug|ARM.ActiveCfg = Debug|Any CPU
		{BC011879-54BF-481F-BC61-35190927ADDE}.Debug|ARM.Build.0 = Debug|Any CPU
		{BC011879-54BF-481F-BC61-35190927ADDE}.Debug|iPhone.ActiveCfg = Debug|Any CPU
		{BC011879-54BF-481F-BC61-35190927ADDE}.Debug|iPhone.Build.0 = Debug|Any CPU
		{BC011879-54BF-481F-BC61-35190927ADDE}.Debug|iPhoneSimulator.ActiveCfg = Debug|Any CPU
		{BC011879-54BF-481F-BC61-35190927ADDE}.Debug|iPhoneSimulator.Build.0 = Debug|Any CPU
		{BC011879-54BF-481F-BC61-35190927ADDE}.Debug|x64.ActiveCfg = Debug|Any CPU
		{BC011879-54BF-481F-BC61-35190927ADDE}.Debug|x64.Build.0 = Debug|Any CPU
		{BC011879-54BF-481F-BC61-35190927ADDE}.Debug|x86.ActiveCfg = Debug|Any CPU
		{BC011879-54BF-481F-BC61-35190927ADDE}.Debug|x86.Build.0 = Debug|Any CPU
		{BC011879-54BF-481F-BC61-35190927ADDE}.Release|Any CPU.ActiveCfg = Release|Any CPU
		{BC011879-54BF-481F-BC61-35190927ADDE}.Release|Any CPU.Build.0 = Release|Any CPU
		{BC011879-54BF-481F-BC61-35190927ADDE}.Release|ARM.ActiveCfg = Release|Any CPU
		{BC011879-54BF-481F-BC61-35190927ADDE}.Release|ARM.Build.0 = Release|Any CPU
		{BC011879-54BF-481F-BC61-35190927ADDE}.Release|iPhone.ActiveCfg = Release|Any CPU
		{BC011879-54BF-481F-BC61-35190927ADDE}.Release|iPhone.Build.0 = Release|Any CPU
		{BC011879-54BF-481F-BC61-35190927ADDE}.Release|iPhoneSimulator.ActiveCfg = Release|Any CPU
		{BC011879-54BF-481F-BC61-35190927ADDE}.Release|iPhoneSimulator.Build.0 = Release|Any CPU
		{BC011879-54BF-481F-BC61-35190927ADDE}.Release|x64.ActiveCfg = Release|Any CPU
		{BC011879-54BF-481F-BC61-35190927ADDE}.Release|x64.Build.0 = Release|Any CPU
		{BC011879-54BF-481F-BC61-35190927ADDE}.Release|x86.ActiveCfg = Release|Any CPU
		{BC011879-54BF-481F-BC61-35190927ADDE}.Release|x86.Build.0 = Release|Any CPU
		{8FD66191-747C-48B8-B27B-0E41E40A4C4E}.Ad-Hoc|Any CPU.ActiveCfg = Release|Any CPU
		{8FD66191-747C-48B8-B27B-0E41E40A4C4E}.Ad-Hoc|Any CPU.Build.0 = Release|Any CPU
		{8FD66191-747C-48B8-B27B-0E41E40A4C4E}.Ad-Hoc|ARM.ActiveCfg = Release|Any CPU
		{8FD66191-747C-48B8-B27B-0E41E40A4C4E}.Ad-Hoc|ARM.Build.0 = Release|Any CPU
		{8FD66191-747C-48B8-B27B-0E41E40A4C4E}.Ad-Hoc|iPhone.ActiveCfg = Release|Any CPU
		{8FD66191-747C-48B8-B27B-0E41E40A4C4E}.Ad-Hoc|iPhone.Build.0 = Release|Any CPU
		{8FD66191-747C-48B8-B27B-0E41E40A4C4E}.Ad-Hoc|iPhoneSimulator.ActiveCfg = Release|Any CPU
		{8FD66191-747C-48B8-B27B-0E41E40A4C4E}.Ad-Hoc|iPhoneSimulator.Build.0 = Release|Any CPU
		{8FD66191-747C-48B8-B27B-0E41E40A4C4E}.Ad-Hoc|x64.ActiveCfg = Release|Any CPU
		{8FD66191-747C-48B8-B27B-0E41E40A4C4E}.Ad-Hoc|x64.Build.0 = Release|Any CPU
		{8FD66191-747C-48B8-B27B-0E41E40A4C4E}.Ad-Hoc|x86.ActiveCfg = Release|Any CPU
		{8FD66191-747C-48B8-B27B-0E41E40A4C4E}.Ad-Hoc|x86.Build.0 = Release|Any CPU
		{8FD66191-747C-48B8-B27B-0E41E40A4C4E}.AppStore|Any CPU.ActiveCfg = Release|Any CPU
		{8FD66191-747C-48B8-B27B-0E41E40A4C4E}.AppStore|Any CPU.Build.0 = Release|Any CPU
		{8FD66191-747C-48B8-B27B-0E41E40A4C4E}.AppStore|ARM.ActiveCfg = Release|Any CPU
		{8FD66191-747C-48B8-B27B-0E41E40A4C4E}.AppStore|ARM.Build.0 = Release|Any CPU
		{8FD66191-747C-48B8-B27B-0E41E40A4C4E}.AppStore|iPhone.ActiveCfg = Release|Any CPU
		{8FD66191-747C-48B8-B27B-0E41E40A4C4E}.AppStore|iPhone.Build.0 = Release|Any CPU
		{8FD66191-747C-48B8-B27B-0E41E40A4C4E}.AppStore|iPhoneSimulator.ActiveCfg = Release|Any CPU
		{8FD66191-747C-48B8-B27B-0E41E40A4C4E}.AppStore|iPhoneSimulator.Build.0 = Release|Any CPU
		{8FD66191-747C-48B8-B27B-0E41E40A4C4E}.AppStore|x64.ActiveCfg = Release|Any CPU
		{8FD66191-747C-48B8-B27B-0E41E40A4C4E}.AppStore|x64.Build.0 = Release|Any CPU
		{8FD66191-747C-48B8-B27B-0E41E40A4C4E}.AppStore|x86.ActiveCfg = Release|Any CPU
		{8FD66191-747C-48B8-B27B-0E41E40A4C4E}.AppStore|x86.Build.0 = Release|Any CPU
		{8FD66191-747C-48B8-B27B-0E41E40A4C4E}.Debug|Any CPU.ActiveCfg = Debug|Any CPU
		{8FD66191-747C-48B8-B27B-0E41E40A4C4E}.Debug|Any CPU.Build.0 = Debug|Any CPU
		{8FD66191-747C-48B8-B27B-0E41E40A4C4E}.Debug|ARM.ActiveCfg = Debug|Any CPU
		{8FD66191-747C-48B8-B27B-0E41E40A4C4E}.Debug|ARM.Build.0 = Debug|Any CPU
		{8FD66191-747C-48B8-B27B-0E41E40A4C4E}.Debug|iPhone.ActiveCfg = Debug|Any CPU
		{8FD66191-747C-48B8-B27B-0E41E40A4C4E}.Debug|iPhone.Build.0 = Debug|Any CPU
		{8FD66191-747C-48B8-B27B-0E41E40A4C4E}.Debug|iPhoneSimulator.ActiveCfg = Debug|Any CPU
		{8FD66191-747C-48B8-B27B-0E41E40A4C4E}.Debug|iPhoneSimulator.Build.0 = Debug|Any CPU
		{8FD66191-747C-48B8-B27B-0E41E40A4C4E}.Debug|x64.ActiveCfg = Debug|Any CPU
		{8FD66191-747C-48B8-B27B-0E41E40A4C4E}.Debug|x64.Build.0 = Debug|Any CPU
		{8FD66191-747C-48B8-B27B-0E41E40A4C4E}.Debug|x86.ActiveCfg = Debug|Any CPU
		{8FD66191-747C-48B8-B27B-0E41E40A4C4E}.Debug|x86.Build.0 = Debug|Any CPU
		{8FD66191-747C-48B8-B27B-0E41E40A4C4E}.Release|Any CPU.ActiveCfg = Release|Any CPU
		{8FD66191-747C-48B8-B27B-0E41E40A4C4E}.Release|Any CPU.Build.0 = Release|Any CPU
		{8FD66191-747C-48B8-B27B-0E41E40A4C4E}.Release|ARM.ActiveCfg = Release|Any CPU
		{8FD66191-747C-48B8-B27B-0E41E40A4C4E}.Release|ARM.Build.0 = Release|Any CPU
		{8FD66191-747C-48B8-B27B-0E41E40A4C4E}.Release|iPhone.ActiveCfg = Release|Any CPU
		{8FD66191-747C-48B8-B27B-0E41E40A4C4E}.Release|iPhone.Build.0 = Release|Any CPU
		{8FD66191-747C-48B8-B27B-0E41E40A4C4E}.Release|iPhoneSimulator.ActiveCfg = Release|Any CPU
		{8FD66191-747C-48B8-B27B-0E41E40A4C4E}.Release|iPhoneSimulator.Build.0 = Release|Any CPU
		{8FD66191-747C-48B8-B27B-0E41E40A4C4E}.Release|x64.ActiveCfg = Release|Any CPU
		{8FD66191-747C-48B8-B27B-0E41E40A4C4E}.Release|x64.Build.0 = Release|Any CPU
		{8FD66191-747C-48B8-B27B-0E41E40A4C4E}.Release|x86.ActiveCfg = Release|Any CPU
		{8FD66191-747C-48B8-B27B-0E41E40A4C4E}.Release|x86.Build.0 = Release|Any CPU
		{848AF5DD-573A-499F-9B02-F218D5A48273}.Ad-Hoc|Any CPU.ActiveCfg = Release|x86
		{848AF5DD-573A-499F-9B02-F218D5A48273}.Ad-Hoc|Any CPU.Build.0 = Release|x86
		{848AF5DD-573A-499F-9B02-F218D5A48273}.Ad-Hoc|ARM.ActiveCfg = Release|x86
		{848AF5DD-573A-499F-9B02-F218D5A48273}.Ad-Hoc|ARM.Build.0 = Release|x86
		{848AF5DD-573A-499F-9B02-F218D5A48273}.Ad-Hoc|iPhone.ActiveCfg = Release|x86
		{848AF5DD-573A-499F-9B02-F218D5A48273}.Ad-Hoc|iPhone.Build.0 = Release|x86
		{848AF5DD-573A-499F-9B02-F218D5A48273}.Ad-Hoc|iPhoneSimulator.ActiveCfg = Release|x86
		{848AF5DD-573A-499F-9B02-F218D5A48273}.Ad-Hoc|iPhoneSimulator.Build.0 = Release|x86
		{848AF5DD-573A-499F-9B02-F218D5A48273}.Ad-Hoc|x64.ActiveCfg = Release|x86
		{848AF5DD-573A-499F-9B02-F218D5A48273}.Ad-Hoc|x64.Build.0 = Release|x86
		{848AF5DD-573A-499F-9B02-F218D5A48273}.Ad-Hoc|x86.ActiveCfg = Release|x86
		{848AF5DD-573A-499F-9B02-F218D5A48273}.Ad-Hoc|x86.Build.0 = Release|x86
		{848AF5DD-573A-499F-9B02-F218D5A48273}.AppStore|Any CPU.ActiveCfg = Release|x86
		{848AF5DD-573A-499F-9B02-F218D5A48273}.AppStore|Any CPU.Build.0 = Release|x86
		{848AF5DD-573A-499F-9B02-F218D5A48273}.AppStore|ARM.ActiveCfg = Release|x86
		{848AF5DD-573A-499F-9B02-F218D5A48273}.AppStore|ARM.Build.0 = Release|x86
		{848AF5DD-573A-499F-9B02-F218D5A48273}.AppStore|iPhone.ActiveCfg = Release|x86
		{848AF5DD-573A-499F-9B02-F218D5A48273}.AppStore|iPhone.Build.0 = Release|x86
		{848AF5DD-573A-499F-9B02-F218D5A48273}.AppStore|iPhoneSimulator.ActiveCfg = Release|x86
		{848AF5DD-573A-499F-9B02-F218D5A48273}.AppStore|iPhoneSimulator.Build.0 = Release|x86
		{848AF5DD-573A-499F-9B02-F218D5A48273}.AppStore|x64.ActiveCfg = Release|x86
		{848AF5DD-573A-499F-9B02-F218D5A48273}.AppStore|x64.Build.0 = Release|x86
		{848AF5DD-573A-499F-9B02-F218D5A48273}.AppStore|x86.ActiveCfg = Release|x86
		{848AF5DD-573A-499F-9B02-F218D5A48273}.AppStore|x86.Build.0 = Release|x86
		{848AF5DD-573A-499F-9B02-F218D5A48273}.Debug|Any CPU.ActiveCfg = Debug|x86
		{848AF5DD-573A-499F-9B02-F218D5A48273}.Debug|ARM.ActiveCfg = Debug|x86
		{848AF5DD-573A-499F-9B02-F218D5A48273}.Debug|iPhone.ActiveCfg = Debug|x86
		{848AF5DD-573A-499F-9B02-F218D5A48273}.Debug|iPhoneSimulator.ActiveCfg = Debug|x86
		{848AF5DD-573A-499F-9B02-F218D5A48273}.Debug|x64.ActiveCfg = Debug|x86
		{848AF5DD-573A-499F-9B02-F218D5A48273}.Debug|x86.ActiveCfg = Debug|x86
		{848AF5DD-573A-499F-9B02-F218D5A48273}.Debug|x86.Build.0 = Debug|x86
		{848AF5DD-573A-499F-9B02-F218D5A48273}.Release|Any CPU.ActiveCfg = Release|x86
		{848AF5DD-573A-499F-9B02-F218D5A48273}.Release|ARM.ActiveCfg = Release|x86
		{848AF5DD-573A-499F-9B02-F218D5A48273}.Release|iPhone.ActiveCfg = Release|x86
		{848AF5DD-573A-499F-9B02-F218D5A48273}.Release|iPhoneSimulator.ActiveCfg = Release|x86
		{848AF5DD-573A-499F-9B02-F218D5A48273}.Release|x64.ActiveCfg = Release|x86
		{848AF5DD-573A-499F-9B02-F218D5A48273}.Release|x86.ActiveCfg = Release|x86
		{848AF5DD-573A-499F-9B02-F218D5A48273}.Release|x86.Build.0 = Release|x86
		{B8BCE3B9-2568-49FA-90AA-7484E1B67E8A}.Ad-Hoc|Any CPU.ActiveCfg = Release|Any CPU
		{B8BCE3B9-2568-49FA-90AA-7484E1B67E8A}.Ad-Hoc|Any CPU.Build.0 = Release|Any CPU
		{B8BCE3B9-2568-49FA-90AA-7484E1B67E8A}.Ad-Hoc|ARM.ActiveCfg = Release|Any CPU
		{B8BCE3B9-2568-49FA-90AA-7484E1B67E8A}.Ad-Hoc|ARM.Build.0 = Release|Any CPU
		{B8BCE3B9-2568-49FA-90AA-7484E1B67E8A}.Ad-Hoc|iPhone.ActiveCfg = Release|Any CPU
		{B8BCE3B9-2568-49FA-90AA-7484E1B67E8A}.Ad-Hoc|iPhone.Build.0 = Release|Any CPU
		{B8BCE3B9-2568-49FA-90AA-7484E1B67E8A}.Ad-Hoc|iPhoneSimulator.ActiveCfg = Release|Any CPU
		{B8BCE3B9-2568-49FA-90AA-7484E1B67E8A}.Ad-Hoc|iPhoneSimulator.Build.0 = Release|Any CPU
		{B8BCE3B9-2568-49FA-90AA-7484E1B67E8A}.Ad-Hoc|x64.ActiveCfg = Release|Any CPU
		{B8BCE3B9-2568-49FA-90AA-7484E1B67E8A}.Ad-Hoc|x64.Build.0 = Release|Any CPU
		{B8BCE3B9-2568-49FA-90AA-7484E1B67E8A}.Ad-Hoc|x86.ActiveCfg = Release|Any CPU
		{B8BCE3B9-2568-49FA-90AA-7484E1B67E8A}.Ad-Hoc|x86.Build.0 = Release|Any CPU
		{B8BCE3B9-2568-49FA-90AA-7484E1B67E8A}.AppStore|Any CPU.ActiveCfg = Release|Any CPU
		{B8BCE3B9-2568-49FA-90AA-7484E1B67E8A}.AppStore|Any CPU.Build.0 = Release|Any CPU
		{B8BCE3B9-2568-49FA-90AA-7484E1B67E8A}.AppStore|ARM.ActiveCfg = Release|Any CPU
		{B8BCE3B9-2568-49FA-90AA-7484E1B67E8A}.AppStore|ARM.Build.0 = Release|Any CPU
		{B8BCE3B9-2568-49FA-90AA-7484E1B67E8A}.AppStore|iPhone.ActiveCfg = Release|Any CPU
		{B8BCE3B9-2568-49FA-90AA-7484E1B67E8A}.AppStore|iPhone.Build.0 = Release|Any CPU
		{B8BCE3B9-2568-49FA-90AA-7484E1B67E8A}.AppStore|iPhoneSimulator.ActiveCfg = Release|Any CPU
		{B8BCE3B9-2568-49FA-90AA-7484E1B67E8A}.AppStore|iPhoneSimulator.Build.0 = Release|Any CPU
		{B8BCE3B9-2568-49FA-90AA-7484E1B67E8A}.AppStore|x64.ActiveCfg = Release|Any CPU
		{B8BCE3B9-2568-49FA-90AA-7484E1B67E8A}.AppStore|x64.Build.0 = Release|Any CPU
		{B8BCE3B9-2568-49FA-90AA-7484E1B67E8A}.AppStore|x86.ActiveCfg = Release|Any CPU
		{B8BCE3B9-2568-49FA-90AA-7484E1B67E8A}.AppStore|x86.Build.0 = Release|Any CPU
		{B8BCE3B9-2568-49FA-90AA-7484E1B67E8A}.Debug|Any CPU.ActiveCfg = Debug|Any CPU
		{B8BCE3B9-2568-49FA-90AA-7484E1B67E8A}.Debug|Any CPU.Build.0 = Debug|Any CPU
		{B8BCE3B9-2568-49FA-90AA-7484E1B67E8A}.Debug|ARM.ActiveCfg = Debug|Any CPU
		{B8BCE3B9-2568-49FA-90AA-7484E1B67E8A}.Debug|ARM.Build.0 = Debug|Any CPU
		{B8BCE3B9-2568-49FA-90AA-7484E1B67E8A}.Debug|iPhone.ActiveCfg = Debug|Any CPU
		{B8BCE3B9-2568-49FA-90AA-7484E1B67E8A}.Debug|iPhone.Build.0 = Debug|Any CPU
		{B8BCE3B9-2568-49FA-90AA-7484E1B67E8A}.Debug|iPhoneSimulator.ActiveCfg = Debug|Any CPU
		{B8BCE3B9-2568-49FA-90AA-7484E1B67E8A}.Debug|iPhoneSimulator.Build.0 = Debug|Any CPU
		{B8BCE3B9-2568-49FA-90AA-7484E1B67E8A}.Debug|x64.ActiveCfg = Debug|Any CPU
		{B8BCE3B9-2568-49FA-90AA-7484E1B67E8A}.Debug|x64.Build.0 = Debug|Any CPU
		{B8BCE3B9-2568-49FA-90AA-7484E1B67E8A}.Debug|x86.ActiveCfg = Debug|Any CPU
		{B8BCE3B9-2568-49FA-90AA-7484E1B67E8A}.Debug|x86.Build.0 = Debug|Any CPU
		{B8BCE3B9-2568-49FA-90AA-7484E1B67E8A}.Release|Any CPU.ActiveCfg = Release|Any CPU
		{B8BCE3B9-2568-49FA-90AA-7484E1B67E8A}.Release|Any CPU.Build.0 = Release|Any CPU
		{B8BCE3B9-2568-49FA-90AA-7484E1B67E8A}.Release|ARM.ActiveCfg = Release|Any CPU
		{B8BCE3B9-2568-49FA-90AA-7484E1B67E8A}.Release|ARM.Build.0 = Release|Any CPU
		{B8BCE3B9-2568-49FA-90AA-7484E1B67E8A}.Release|iPhone.ActiveCfg = Release|Any CPU
		{B8BCE3B9-2568-49FA-90AA-7484E1B67E8A}.Release|iPhone.Build.0 = Release|Any CPU
		{B8BCE3B9-2568-49FA-90AA-7484E1B67E8A}.Release|iPhoneSimulator.ActiveCfg = Release|Any CPU
		{B8BCE3B9-2568-49FA-90AA-7484E1B67E8A}.Release|iPhoneSimulator.Build.0 = Release|Any CPU
		{B8BCE3B9-2568-49FA-90AA-7484E1B67E8A}.Release|x64.ActiveCfg = Release|Any CPU
		{B8BCE3B9-2568-49FA-90AA-7484E1B67E8A}.Release|x64.Build.0 = Release|Any CPU
		{B8BCE3B9-2568-49FA-90AA-7484E1B67E8A}.Release|x86.ActiveCfg = Release|Any CPU
		{B8BCE3B9-2568-49FA-90AA-7484E1B67E8A}.Release|x86.Build.0 = Release|Any CPU
		{A349C6A4-4862-4EA9-8F1C-1FE07233ACB1}.Ad-Hoc|Any CPU.ActiveCfg = Release|Any CPU
		{A349C6A4-4862-4EA9-8F1C-1FE07233ACB1}.Ad-Hoc|Any CPU.Build.0 = Release|Any CPU
		{A349C6A4-4862-4EA9-8F1C-1FE07233ACB1}.Ad-Hoc|ARM.ActiveCfg = Release|Any CPU
		{A349C6A4-4862-4EA9-8F1C-1FE07233ACB1}.Ad-Hoc|ARM.Build.0 = Release|Any CPU
		{A349C6A4-4862-4EA9-8F1C-1FE07233ACB1}.Ad-Hoc|iPhone.ActiveCfg = Release|Any CPU
		{A349C6A4-4862-4EA9-8F1C-1FE07233ACB1}.Ad-Hoc|iPhone.Build.0 = Release|Any CPU
		{A349C6A4-4862-4EA9-8F1C-1FE07233ACB1}.Ad-Hoc|iPhoneSimulator.ActiveCfg = Release|Any CPU
		{A349C6A4-4862-4EA9-8F1C-1FE07233ACB1}.Ad-Hoc|iPhoneSimulator.Build.0 = Release|Any CPU
		{A349C6A4-4862-4EA9-8F1C-1FE07233ACB1}.Ad-Hoc|x64.ActiveCfg = Release|Any CPU
		{A349C6A4-4862-4EA9-8F1C-1FE07233ACB1}.Ad-Hoc|x64.Build.0 = Release|Any CPU
		{A349C6A4-4862-4EA9-8F1C-1FE07233ACB1}.Ad-Hoc|x86.ActiveCfg = Release|Any CPU
		{A349C6A4-4862-4EA9-8F1C-1FE07233ACB1}.Ad-Hoc|x86.Build.0 = Release|Any CPU
		{A349C6A4-4862-4EA9-8F1C-1FE07233ACB1}.AppStore|Any CPU.ActiveCfg = Release|Any CPU
		{A349C6A4-4862-4EA9-8F1C-1FE07233ACB1}.AppStore|Any CPU.Build.0 = Release|Any CPU
		{A349C6A4-4862-4EA9-8F1C-1FE07233ACB1}.AppStore|ARM.ActiveCfg = Release|Any CPU
		{A349C6A4-4862-4EA9-8F1C-1FE07233ACB1}.AppStore|ARM.Build.0 = Release|Any CPU
		{A349C6A4-4862-4EA9-8F1C-1FE07233ACB1}.AppStore|iPhone.ActiveCfg = Release|Any CPU
		{A349C6A4-4862-4EA9-8F1C-1FE07233ACB1}.AppStore|iPhone.Build.0 = Release|Any CPU
		{A349C6A4-4862-4EA9-8F1C-1FE07233ACB1}.AppStore|iPhoneSimulator.ActiveCfg = Release|Any CPU
		{A349C6A4-4862-4EA9-8F1C-1FE07233ACB1}.AppStore|iPhoneSimulator.Build.0 = Release|Any CPU
		{A349C6A4-4862-4EA9-8F1C-1FE07233ACB1}.AppStore|x64.ActiveCfg = Release|Any CPU
		{A349C6A4-4862-4EA9-8F1C-1FE07233ACB1}.AppStore|x64.Build.0 = Release|Any CPU
		{A349C6A4-4862-4EA9-8F1C-1FE07233ACB1}.AppStore|x86.ActiveCfg = Release|Any CPU
		{A349C6A4-4862-4EA9-8F1C-1FE07233ACB1}.AppStore|x86.Build.0 = Release|Any CPU
		{A349C6A4-4862-4EA9-8F1C-1FE07233ACB1}.Debug|Any CPU.ActiveCfg = Debug|Any CPU
		{A349C6A4-4862-4EA9-8F1C-1FE07233ACB1}.Debug|Any CPU.Build.0 = Debug|Any CPU
		{A349C6A4-4862-4EA9-8F1C-1FE07233ACB1}.Debug|ARM.ActiveCfg = Debug|Any CPU
		{A349C6A4-4862-4EA9-8F1C-1FE07233ACB1}.Debug|ARM.Build.0 = Debug|Any CPU
		{A349C6A4-4862-4EA9-8F1C-1FE07233ACB1}.Debug|iPhone.ActiveCfg = Debug|Any CPU
		{A349C6A4-4862-4EA9-8F1C-1FE07233ACB1}.Debug|iPhone.Build.0 = Debug|Any CPU
		{A349C6A4-4862-4EA9-8F1C-1FE07233ACB1}.Debug|iPhoneSimulator.ActiveCfg = Debug|Any CPU
		{A349C6A4-4862-4EA9-8F1C-1FE07233ACB1}.Debug|iPhoneSimulator.Build.0 = Debug|Any CPU
		{A349C6A4-4862-4EA9-8F1C-1FE07233ACB1}.Debug|x64.ActiveCfg = Debug|Any CPU
		{A349C6A4-4862-4EA9-8F1C-1FE07233ACB1}.Debug|x64.Build.0 = Debug|Any CPU
		{A349C6A4-4862-4EA9-8F1C-1FE07233ACB1}.Debug|x86.ActiveCfg = Debug|Any CPU
		{A349C6A4-4862-4EA9-8F1C-1FE07233ACB1}.Debug|x86.Build.0 = Debug|Any CPU
		{A349C6A4-4862-4EA9-8F1C-1FE07233ACB1}.Release|Any CPU.ActiveCfg = Release|Any CPU
		{A349C6A4-4862-4EA9-8F1C-1FE07233ACB1}.Release|Any CPU.Build.0 = Release|Any CPU
		{A349C6A4-4862-4EA9-8F1C-1FE07233ACB1}.Release|ARM.ActiveCfg = Release|Any CPU
		{A349C6A4-4862-4EA9-8F1C-1FE07233ACB1}.Release|ARM.Build.0 = Release|Any CPU
		{A349C6A4-4862-4EA9-8F1C-1FE07233ACB1}.Release|iPhone.ActiveCfg = Release|Any CPU
		{A349C6A4-4862-4EA9-8F1C-1FE07233ACB1}.Release|iPhone.Build.0 = Release|Any CPU
		{A349C6A4-4862-4EA9-8F1C-1FE07233ACB1}.Release|iPhoneSimulator.ActiveCfg = Release|Any CPU
		{A349C6A4-4862-4EA9-8F1C-1FE07233ACB1}.Release|iPhoneSimulator.Build.0 = Release|Any CPU
		{A349C6A4-4862-4EA9-8F1C-1FE07233ACB1}.Release|x64.ActiveCfg = Release|Any CPU
		{A349C6A4-4862-4EA9-8F1C-1FE07233ACB1}.Release|x64.Build.0 = Release|Any CPU
		{A349C6A4-4862-4EA9-8F1C-1FE07233ACB1}.Release|x86.ActiveCfg = Release|Any CPU
		{A349C6A4-4862-4EA9-8F1C-1FE07233ACB1}.Release|x86.Build.0 = Release|Any CPU
		{7E8B3126-CF97-447F-9D42-77F8DDDCE558}.Ad-Hoc|Any CPU.ActiveCfg = Release|Any CPU
		{7E8B3126-CF97-447F-9D42-77F8DDDCE558}.Ad-Hoc|Any CPU.Build.0 = Release|Any CPU
		{7E8B3126-CF97-447F-9D42-77F8DDDCE558}.Ad-Hoc|Any CPU.Deploy.0 = Release|Any CPU
		{7E8B3126-CF97-447F-9D42-77F8DDDCE558}.Ad-Hoc|ARM.ActiveCfg = Release|Any CPU
		{7E8B3126-CF97-447F-9D42-77F8DDDCE558}.Ad-Hoc|ARM.Build.0 = Release|Any CPU
		{7E8B3126-CF97-447F-9D42-77F8DDDCE558}.Ad-Hoc|ARM.Deploy.0 = Release|Any CPU
		{7E8B3126-CF97-447F-9D42-77F8DDDCE558}.Ad-Hoc|iPhone.ActiveCfg = Release|Any CPU
		{7E8B3126-CF97-447F-9D42-77F8DDDCE558}.Ad-Hoc|iPhone.Build.0 = Release|Any CPU
		{7E8B3126-CF97-447F-9D42-77F8DDDCE558}.Ad-Hoc|iPhone.Deploy.0 = Release|Any CPU
		{7E8B3126-CF97-447F-9D42-77F8DDDCE558}.Ad-Hoc|iPhoneSimulator.ActiveCfg = Release|Any CPU
		{7E8B3126-CF97-447F-9D42-77F8DDDCE558}.Ad-Hoc|iPhoneSimulator.Build.0 = Release|Any CPU
		{7E8B3126-CF97-447F-9D42-77F8DDDCE558}.Ad-Hoc|iPhoneSimulator.Deploy.0 = Release|Any CPU
		{7E8B3126-CF97-447F-9D42-77F8DDDCE558}.Ad-Hoc|x64.ActiveCfg = Release|Any CPU
		{7E8B3126-CF97-447F-9D42-77F8DDDCE558}.Ad-Hoc|x64.Build.0 = Release|Any CPU
		{7E8B3126-CF97-447F-9D42-77F8DDDCE558}.Ad-Hoc|x64.Deploy.0 = Release|Any CPU
		{7E8B3126-CF97-447F-9D42-77F8DDDCE558}.Ad-Hoc|x86.ActiveCfg = Release|Any CPU
		{7E8B3126-CF97-447F-9D42-77F8DDDCE558}.Ad-Hoc|x86.Build.0 = Release|Any CPU
		{7E8B3126-CF97-447F-9D42-77F8DDDCE558}.Ad-Hoc|x86.Deploy.0 = Release|Any CPU
		{7E8B3126-CF97-447F-9D42-77F8DDDCE558}.AppStore|Any CPU.ActiveCfg = Release|Any CPU
		{7E8B3126-CF97-447F-9D42-77F8DDDCE558}.AppStore|Any CPU.Build.0 = Release|Any CPU
		{7E8B3126-CF97-447F-9D42-77F8DDDCE558}.AppStore|Any CPU.Deploy.0 = Release|Any CPU
		{7E8B3126-CF97-447F-9D42-77F8DDDCE558}.AppStore|ARM.ActiveCfg = Release|Any CPU
		{7E8B3126-CF97-447F-9D42-77F8DDDCE558}.AppStore|ARM.Build.0 = Release|Any CPU
		{7E8B3126-CF97-447F-9D42-77F8DDDCE558}.AppStore|ARM.Deploy.0 = Release|Any CPU
		{7E8B3126-CF97-447F-9D42-77F8DDDCE558}.AppStore|iPhone.ActiveCfg = Release|Any CPU
		{7E8B3126-CF97-447F-9D42-77F8DDDCE558}.AppStore|iPhone.Build.0 = Release|Any CPU
		{7E8B3126-CF97-447F-9D42-77F8DDDCE558}.AppStore|iPhone.Deploy.0 = Release|Any CPU
		{7E8B3126-CF97-447F-9D42-77F8DDDCE558}.AppStore|iPhoneSimulator.ActiveCfg = Release|Any CPU
		{7E8B3126-CF97-447F-9D42-77F8DDDCE558}.AppStore|iPhoneSimulator.Build.0 = Release|Any CPU
		{7E8B3126-CF97-447F-9D42-77F8DDDCE558}.AppStore|iPhoneSimulator.Deploy.0 = Release|Any CPU
		{7E8B3126-CF97-447F-9D42-77F8DDDCE558}.AppStore|x64.ActiveCfg = Release|Any CPU
		{7E8B3126-CF97-447F-9D42-77F8DDDCE558}.AppStore|x64.Build.0 = Release|Any CPU
		{7E8B3126-CF97-447F-9D42-77F8DDDCE558}.AppStore|x64.Deploy.0 = Release|Any CPU
		{7E8B3126-CF97-447F-9D42-77F8DDDCE558}.AppStore|x86.ActiveCfg = Release|Any CPU
		{7E8B3126-CF97-447F-9D42-77F8DDDCE558}.AppStore|x86.Build.0 = Release|Any CPU
		{7E8B3126-CF97-447F-9D42-77F8DDDCE558}.AppStore|x86.Deploy.0 = Release|Any CPU
		{7E8B3126-CF97-447F-9D42-77F8DDDCE558}.Debug|Any CPU.ActiveCfg = Debug|Any CPU
		{7E8B3126-CF97-447F-9D42-77F8DDDCE558}.Debug|Any CPU.Build.0 = Debug|Any CPU
		{7E8B3126-CF97-447F-9D42-77F8DDDCE558}.Debug|Any CPU.Deploy.0 = Debug|Any CPU
		{7E8B3126-CF97-447F-9D42-77F8DDDCE558}.Debug|ARM.ActiveCfg = Debug|Any CPU
		{7E8B3126-CF97-447F-9D42-77F8DDDCE558}.Debug|ARM.Build.0 = Debug|Any CPU
		{7E8B3126-CF97-447F-9D42-77F8DDDCE558}.Debug|ARM.Deploy.0 = Debug|Any CPU
		{7E8B3126-CF97-447F-9D42-77F8DDDCE558}.Debug|iPhone.ActiveCfg = Debug|Any CPU
		{7E8B3126-CF97-447F-9D42-77F8DDDCE558}.Debug|iPhone.Build.0 = Debug|Any CPU
		{7E8B3126-CF97-447F-9D42-77F8DDDCE558}.Debug|iPhone.Deploy.0 = Debug|Any CPU
		{7E8B3126-CF97-447F-9D42-77F8DDDCE558}.Debug|iPhoneSimulator.ActiveCfg = Debug|Any CPU
		{7E8B3126-CF97-447F-9D42-77F8DDDCE558}.Debug|iPhoneSimulator.Build.0 = Debug|Any CPU
		{7E8B3126-CF97-447F-9D42-77F8DDDCE558}.Debug|iPhoneSimulator.Deploy.0 = Debug|Any CPU
		{7E8B3126-CF97-447F-9D42-77F8DDDCE558}.Debug|x64.ActiveCfg = Debug|Any CPU
		{7E8B3126-CF97-447F-9D42-77F8DDDCE558}.Debug|x64.Build.0 = Debug|Any CPU
		{7E8B3126-CF97-447F-9D42-77F8DDDCE558}.Debug|x64.Deploy.0 = Debug|Any CPU
		{7E8B3126-CF97-447F-9D42-77F8DDDCE558}.Debug|x86.ActiveCfg = Debug|Any CPU
		{7E8B3126-CF97-447F-9D42-77F8DDDCE558}.Debug|x86.Build.0 = Debug|Any CPU
		{7E8B3126-CF97-447F-9D42-77F8DDDCE558}.Debug|x86.Deploy.0 = Debug|Any CPU
		{7E8B3126-CF97-447F-9D42-77F8DDDCE558}.Release|Any CPU.ActiveCfg = Release|Any CPU
		{7E8B3126-CF97-447F-9D42-77F8DDDCE558}.Release|Any CPU.Build.0 = Release|Any CPU
		{7E8B3126-CF97-447F-9D42-77F8DDDCE558}.Release|Any CPU.Deploy.0 = Release|Any CPU
		{7E8B3126-CF97-447F-9D42-77F8DDDCE558}.Release|ARM.ActiveCfg = Release|Any CPU
		{7E8B3126-CF97-447F-9D42-77F8DDDCE558}.Release|ARM.Build.0 = Release|Any CPU
		{7E8B3126-CF97-447F-9D42-77F8DDDCE558}.Release|ARM.Deploy.0 = Release|Any CPU
		{7E8B3126-CF97-447F-9D42-77F8DDDCE558}.Release|iPhone.ActiveCfg = Release|Any CPU
		{7E8B3126-CF97-447F-9D42-77F8DDDCE558}.Release|iPhone.Build.0 = Release|Any CPU
		{7E8B3126-CF97-447F-9D42-77F8DDDCE558}.Release|iPhone.Deploy.0 = Release|Any CPU
		{7E8B3126-CF97-447F-9D42-77F8DDDCE558}.Release|iPhoneSimulator.ActiveCfg = Release|Any CPU
		{7E8B3126-CF97-447F-9D42-77F8DDDCE558}.Release|iPhoneSimulator.Build.0 = Release|Any CPU
		{7E8B3126-CF97-447F-9D42-77F8DDDCE558}.Release|iPhoneSimulator.Deploy.0 = Release|Any CPU
		{7E8B3126-CF97-447F-9D42-77F8DDDCE558}.Release|x64.ActiveCfg = Release|Any CPU
		{7E8B3126-CF97-447F-9D42-77F8DDDCE558}.Release|x64.Build.0 = Release|Any CPU
		{7E8B3126-CF97-447F-9D42-77F8DDDCE558}.Release|x64.Deploy.0 = Release|Any CPU
		{7E8B3126-CF97-447F-9D42-77F8DDDCE558}.Release|x86.ActiveCfg = Release|Any CPU
		{7E8B3126-CF97-447F-9D42-77F8DDDCE558}.Release|x86.Build.0 = Release|Any CPU
		{7E8B3126-CF97-447F-9D42-77F8DDDCE558}.Release|x86.Deploy.0 = Release|Any CPU
		{0FFF41A3-B05D-4D3A-9439-900F1D413D67}.Ad-Hoc|Any CPU.ActiveCfg = Ad-Hoc|iPhone
		{0FFF41A3-B05D-4D3A-9439-900F1D413D67}.Ad-Hoc|ARM.ActiveCfg = Ad-Hoc|iPhone
		{0FFF41A3-B05D-4D3A-9439-900F1D413D67}.Ad-Hoc|iPhone.ActiveCfg = Ad-Hoc|iPhone
		{0FFF41A3-B05D-4D3A-9439-900F1D413D67}.Ad-Hoc|iPhone.Build.0 = Ad-Hoc|iPhone
		{0FFF41A3-B05D-4D3A-9439-900F1D413D67}.Ad-Hoc|iPhoneSimulator.ActiveCfg = Ad-Hoc|iPhoneSimulator
		{0FFF41A3-B05D-4D3A-9439-900F1D413D67}.Ad-Hoc|iPhoneSimulator.Build.0 = Ad-Hoc|iPhoneSimulator
		{0FFF41A3-B05D-4D3A-9439-900F1D413D67}.Ad-Hoc|x64.ActiveCfg = Ad-Hoc|iPhone
		{0FFF41A3-B05D-4D3A-9439-900F1D413D67}.Ad-Hoc|x86.ActiveCfg = Ad-Hoc|iPhone
		{0FFF41A3-B05D-4D3A-9439-900F1D413D67}.AppStore|Any CPU.ActiveCfg = AppStore|iPhone
		{0FFF41A3-B05D-4D3A-9439-900F1D413D67}.AppStore|ARM.ActiveCfg = AppStore|iPhone
		{0FFF41A3-B05D-4D3A-9439-900F1D413D67}.AppStore|iPhone.ActiveCfg = AppStore|iPhone
		{0FFF41A3-B05D-4D3A-9439-900F1D413D67}.AppStore|iPhone.Build.0 = AppStore|iPhone
		{0FFF41A3-B05D-4D3A-9439-900F1D413D67}.AppStore|iPhoneSimulator.ActiveCfg = AppStore|iPhoneSimulator
		{0FFF41A3-B05D-4D3A-9439-900F1D413D67}.AppStore|iPhoneSimulator.Build.0 = AppStore|iPhoneSimulator
		{0FFF41A3-B05D-4D3A-9439-900F1D413D67}.AppStore|x64.ActiveCfg = AppStore|iPhone
		{0FFF41A3-B05D-4D3A-9439-900F1D413D67}.AppStore|x86.ActiveCfg = AppStore|iPhone
		{0FFF41A3-B05D-4D3A-9439-900F1D413D67}.Debug|Any CPU.ActiveCfg = Debug|iPhone
		{0FFF41A3-B05D-4D3A-9439-900F1D413D67}.Debug|ARM.ActiveCfg = Debug|iPhone
		{0FFF41A3-B05D-4D3A-9439-900F1D413D67}.Debug|iPhone.ActiveCfg = Debug|iPhone
		{0FFF41A3-B05D-4D3A-9439-900F1D413D67}.Debug|iPhone.Build.0 = Debug|iPhone
		{0FFF41A3-B05D-4D3A-9439-900F1D413D67}.Debug|iPhoneSimulator.ActiveCfg = Debug|iPhoneSimulator
		{0FFF41A3-B05D-4D3A-9439-900F1D413D67}.Debug|iPhoneSimulator.Build.0 = Debug|iPhoneSimulator
		{0FFF41A3-B05D-4D3A-9439-900F1D413D67}.Debug|x64.ActiveCfg = Debug|iPhone
		{0FFF41A3-B05D-4D3A-9439-900F1D413D67}.Debug|x86.ActiveCfg = Debug|iPhone
		{0FFF41A3-B05D-4D3A-9439-900F1D413D67}.Release|Any CPU.ActiveCfg = Release|iPhone
		{0FFF41A3-B05D-4D3A-9439-900F1D413D67}.Release|ARM.ActiveCfg = Release|iPhone
		{0FFF41A3-B05D-4D3A-9439-900F1D413D67}.Release|iPhone.ActiveCfg = Release|iPhone
		{0FFF41A3-B05D-4D3A-9439-900F1D413D67}.Release|iPhone.Build.0 = Release|iPhone
		{0FFF41A3-B05D-4D3A-9439-900F1D413D67}.Release|iPhoneSimulator.ActiveCfg = Release|iPhoneSimulator
		{0FFF41A3-B05D-4D3A-9439-900F1D413D67}.Release|iPhoneSimulator.Build.0 = Release|iPhoneSimulator
		{0FFF41A3-B05D-4D3A-9439-900F1D413D67}.Release|x64.ActiveCfg = Release|iPhone
		{0FFF41A3-B05D-4D3A-9439-900F1D413D67}.Release|x86.ActiveCfg = Release|iPhone
		{E895FD4E-F7E3-4AAA-98AB-BD0B221DF57A}.Ad-Hoc|Any CPU.ActiveCfg = Release|Any CPU
		{E895FD4E-F7E3-4AAA-98AB-BD0B221DF57A}.Ad-Hoc|Any CPU.Build.0 = Release|Any CPU
		{E895FD4E-F7E3-4AAA-98AB-BD0B221DF57A}.Ad-Hoc|Any CPU.Deploy.0 = Release|Any CPU
		{E895FD4E-F7E3-4AAA-98AB-BD0B221DF57A}.Ad-Hoc|ARM.ActiveCfg = Release|ARM
		{E895FD4E-F7E3-4AAA-98AB-BD0B221DF57A}.Ad-Hoc|ARM.Build.0 = Release|ARM
		{E895FD4E-F7E3-4AAA-98AB-BD0B221DF57A}.Ad-Hoc|ARM.Deploy.0 = Release|ARM
		{E895FD4E-F7E3-4AAA-98AB-BD0B221DF57A}.Ad-Hoc|iPhone.ActiveCfg = Release|Any CPU
		{E895FD4E-F7E3-4AAA-98AB-BD0B221DF57A}.Ad-Hoc|iPhone.Build.0 = Release|Any CPU
		{E895FD4E-F7E3-4AAA-98AB-BD0B221DF57A}.Ad-Hoc|iPhone.Deploy.0 = Release|Any CPU
		{E895FD4E-F7E3-4AAA-98AB-BD0B221DF57A}.Ad-Hoc|iPhoneSimulator.ActiveCfg = Release|Any CPU
		{E895FD4E-F7E3-4AAA-98AB-BD0B221DF57A}.Ad-Hoc|iPhoneSimulator.Build.0 = Release|Any CPU
		{E895FD4E-F7E3-4AAA-98AB-BD0B221DF57A}.Ad-Hoc|iPhoneSimulator.Deploy.0 = Release|Any CPU
		{E895FD4E-F7E3-4AAA-98AB-BD0B221DF57A}.Ad-Hoc|x64.ActiveCfg = Release|Any CPU
		{E895FD4E-F7E3-4AAA-98AB-BD0B221DF57A}.Ad-Hoc|x64.Build.0 = Release|Any CPU
		{E895FD4E-F7E3-4AAA-98AB-BD0B221DF57A}.Ad-Hoc|x64.Deploy.0 = Release|Any CPU
		{E895FD4E-F7E3-4AAA-98AB-BD0B221DF57A}.Ad-Hoc|x86.ActiveCfg = Release|x86
		{E895FD4E-F7E3-4AAA-98AB-BD0B221DF57A}.Ad-Hoc|x86.Build.0 = Release|x86
		{E895FD4E-F7E3-4AAA-98AB-BD0B221DF57A}.Ad-Hoc|x86.Deploy.0 = Release|x86
		{E895FD4E-F7E3-4AAA-98AB-BD0B221DF57A}.AppStore|Any CPU.ActiveCfg = Release|Any CPU
		{E895FD4E-F7E3-4AAA-98AB-BD0B221DF57A}.AppStore|Any CPU.Build.0 = Release|Any CPU
		{E895FD4E-F7E3-4AAA-98AB-BD0B221DF57A}.AppStore|Any CPU.Deploy.0 = Release|Any CPU
		{E895FD4E-F7E3-4AAA-98AB-BD0B221DF57A}.AppStore|ARM.ActiveCfg = Release|ARM
		{E895FD4E-F7E3-4AAA-98AB-BD0B221DF57A}.AppStore|ARM.Build.0 = Release|ARM
		{E895FD4E-F7E3-4AAA-98AB-BD0B221DF57A}.AppStore|ARM.Deploy.0 = Release|ARM
		{E895FD4E-F7E3-4AAA-98AB-BD0B221DF57A}.AppStore|iPhone.ActiveCfg = Release|Any CPU
		{E895FD4E-F7E3-4AAA-98AB-BD0B221DF57A}.AppStore|iPhone.Build.0 = Release|Any CPU
		{E895FD4E-F7E3-4AAA-98AB-BD0B221DF57A}.AppStore|iPhone.Deploy.0 = Release|Any CPU
		{E895FD4E-F7E3-4AAA-98AB-BD0B221DF57A}.AppStore|iPhoneSimulator.ActiveCfg = Release|Any CPU
		{E895FD4E-F7E3-4AAA-98AB-BD0B221DF57A}.AppStore|iPhoneSimulator.Build.0 = Release|Any CPU
		{E895FD4E-F7E3-4AAA-98AB-BD0B221DF57A}.AppStore|iPhoneSimulator.Deploy.0 = Release|Any CPU
		{E895FD4E-F7E3-4AAA-98AB-BD0B221DF57A}.AppStore|x64.ActiveCfg = Release|Any CPU
		{E895FD4E-F7E3-4AAA-98AB-BD0B221DF57A}.AppStore|x64.Build.0 = Release|Any CPU
		{E895FD4E-F7E3-4AAA-98AB-BD0B221DF57A}.AppStore|x64.Deploy.0 = Release|Any CPU
		{E895FD4E-F7E3-4AAA-98AB-BD0B221DF57A}.AppStore|x86.ActiveCfg = Release|x86
		{E895FD4E-F7E3-4AAA-98AB-BD0B221DF57A}.AppStore|x86.Build.0 = Release|x86
		{E895FD4E-F7E3-4AAA-98AB-BD0B221DF57A}.AppStore|x86.Deploy.0 = Release|x86
		{E895FD4E-F7E3-4AAA-98AB-BD0B221DF57A}.Debug|Any CPU.ActiveCfg = Debug|Any CPU
		{E895FD4E-F7E3-4AAA-98AB-BD0B221DF57A}.Debug|Any CPU.Build.0 = Debug|Any CPU
		{E895FD4E-F7E3-4AAA-98AB-BD0B221DF57A}.Debug|Any CPU.Deploy.0 = Debug|Any CPU
		{E895FD4E-F7E3-4AAA-98AB-BD0B221DF57A}.Debug|ARM.ActiveCfg = Debug|ARM
		{E895FD4E-F7E3-4AAA-98AB-BD0B221DF57A}.Debug|ARM.Build.0 = Debug|ARM
		{E895FD4E-F7E3-4AAA-98AB-BD0B221DF57A}.Debug|ARM.Deploy.0 = Debug|ARM
		{E895FD4E-F7E3-4AAA-98AB-BD0B221DF57A}.Debug|iPhone.ActiveCfg = Debug|Any CPU
		{E895FD4E-F7E3-4AAA-98AB-BD0B221DF57A}.Debug|iPhone.Build.0 = Debug|Any CPU
		{E895FD4E-F7E3-4AAA-98AB-BD0B221DF57A}.Debug|iPhone.Deploy.0 = Debug|Any CPU
		{E895FD4E-F7E3-4AAA-98AB-BD0B221DF57A}.Debug|iPhoneSimulator.ActiveCfg = Debug|Any CPU
		{E895FD4E-F7E3-4AAA-98AB-BD0B221DF57A}.Debug|iPhoneSimulator.Build.0 = Debug|Any CPU
		{E895FD4E-F7E3-4AAA-98AB-BD0B221DF57A}.Debug|iPhoneSimulator.Deploy.0 = Debug|Any CPU
		{E895FD4E-F7E3-4AAA-98AB-BD0B221DF57A}.Debug|x64.ActiveCfg = Debug|Any CPU
		{E895FD4E-F7E3-4AAA-98AB-BD0B221DF57A}.Debug|x64.Build.0 = Debug|Any CPU
		{E895FD4E-F7E3-4AAA-98AB-BD0B221DF57A}.Debug|x64.Deploy.0 = Debug|Any CPU
		{E895FD4E-F7E3-4AAA-98AB-BD0B221DF57A}.Debug|x86.ActiveCfg = Debug|x86
		{E895FD4E-F7E3-4AAA-98AB-BD0B221DF57A}.Debug|x86.Build.0 = Debug|x86
		{E895FD4E-F7E3-4AAA-98AB-BD0B221DF57A}.Debug|x86.Deploy.0 = Debug|x86
		{E895FD4E-F7E3-4AAA-98AB-BD0B221DF57A}.Release|Any CPU.ActiveCfg = Release|Any CPU
		{E895FD4E-F7E3-4AAA-98AB-BD0B221DF57A}.Release|Any CPU.Build.0 = Release|Any CPU
		{E895FD4E-F7E3-4AAA-98AB-BD0B221DF57A}.Release|Any CPU.Deploy.0 = Release|Any CPU
		{E895FD4E-F7E3-4AAA-98AB-BD0B221DF57A}.Release|ARM.ActiveCfg = Release|ARM
		{E895FD4E-F7E3-4AAA-98AB-BD0B221DF57A}.Release|ARM.Build.0 = Release|ARM
		{E895FD4E-F7E3-4AAA-98AB-BD0B221DF57A}.Release|ARM.Deploy.0 = Release|ARM
		{E895FD4E-F7E3-4AAA-98AB-BD0B221DF57A}.Release|iPhone.ActiveCfg = Release|Any CPU
		{E895FD4E-F7E3-4AAA-98AB-BD0B221DF57A}.Release|iPhone.Build.0 = Release|Any CPU
		{E895FD4E-F7E3-4AAA-98AB-BD0B221DF57A}.Release|iPhone.Deploy.0 = Release|Any CPU
		{E895FD4E-F7E3-4AAA-98AB-BD0B221DF57A}.Release|iPhoneSimulator.ActiveCfg = Release|Any CPU
		{E895FD4E-F7E3-4AAA-98AB-BD0B221DF57A}.Release|iPhoneSimulator.Build.0 = Release|Any CPU
		{E895FD4E-F7E3-4AAA-98AB-BD0B221DF57A}.Release|iPhoneSimulator.Deploy.0 = Release|Any CPU
		{E895FD4E-F7E3-4AAA-98AB-BD0B221DF57A}.Release|x64.ActiveCfg = Release|Any CPU
		{E895FD4E-F7E3-4AAA-98AB-BD0B221DF57A}.Release|x64.Build.0 = Release|Any CPU
		{E895FD4E-F7E3-4AAA-98AB-BD0B221DF57A}.Release|x64.Deploy.0 = Release|Any CPU
		{E895FD4E-F7E3-4AAA-98AB-BD0B221DF57A}.Release|x86.ActiveCfg = Release|x86
		{E895FD4E-F7E3-4AAA-98AB-BD0B221DF57A}.Release|x86.Build.0 = Release|x86
		{E895FD4E-F7E3-4AAA-98AB-BD0B221DF57A}.Release|x86.Deploy.0 = Release|x86
		{0AA24BCD-933B-4465-B0AE-CD0F375DC085}.Ad-Hoc|Any CPU.ActiveCfg = Release|x86
		{0AA24BCD-933B-4465-B0AE-CD0F375DC085}.Ad-Hoc|Any CPU.Build.0 = Release|x86
		{0AA24BCD-933B-4465-B0AE-CD0F375DC085}.Ad-Hoc|Any CPU.Deploy.0 = Release|x86
		{0AA24BCD-933B-4465-B0AE-CD0F375DC085}.Ad-Hoc|ARM.ActiveCfg = Release|ARM
		{0AA24BCD-933B-4465-B0AE-CD0F375DC085}.Ad-Hoc|ARM.Build.0 = Release|ARM
		{0AA24BCD-933B-4465-B0AE-CD0F375DC085}.Ad-Hoc|ARM.Deploy.0 = Release|ARM
		{0AA24BCD-933B-4465-B0AE-CD0F375DC085}.Ad-Hoc|iPhone.ActiveCfg = Release|x86
		{0AA24BCD-933B-4465-B0AE-CD0F375DC085}.Ad-Hoc|iPhone.Build.0 = Release|x86
		{0AA24BCD-933B-4465-B0AE-CD0F375DC085}.Ad-Hoc|iPhone.Deploy.0 = Release|x86
		{0AA24BCD-933B-4465-B0AE-CD0F375DC085}.Ad-Hoc|iPhoneSimulator.ActiveCfg = Release|x86
		{0AA24BCD-933B-4465-B0AE-CD0F375DC085}.Ad-Hoc|iPhoneSimulator.Build.0 = Release|x86
		{0AA24BCD-933B-4465-B0AE-CD0F375DC085}.Ad-Hoc|iPhoneSimulator.Deploy.0 = Release|x86
		{0AA24BCD-933B-4465-B0AE-CD0F375DC085}.Ad-Hoc|x64.ActiveCfg = Release|x64
		{0AA24BCD-933B-4465-B0AE-CD0F375DC085}.Ad-Hoc|x64.Build.0 = Release|x64
		{0AA24BCD-933B-4465-B0AE-CD0F375DC085}.Ad-Hoc|x64.Deploy.0 = Release|x64
		{0AA24BCD-933B-4465-B0AE-CD0F375DC085}.Ad-Hoc|x86.ActiveCfg = Release|x86
		{0AA24BCD-933B-4465-B0AE-CD0F375DC085}.Ad-Hoc|x86.Build.0 = Release|x86
		{0AA24BCD-933B-4465-B0AE-CD0F375DC085}.Ad-Hoc|x86.Deploy.0 = Release|x86
		{0AA24BCD-933B-4465-B0AE-CD0F375DC085}.AppStore|Any CPU.ActiveCfg = Release|x86
		{0AA24BCD-933B-4465-B0AE-CD0F375DC085}.AppStore|Any CPU.Build.0 = Release|x86
		{0AA24BCD-933B-4465-B0AE-CD0F375DC085}.AppStore|Any CPU.Deploy.0 = Release|x86
		{0AA24BCD-933B-4465-B0AE-CD0F375DC085}.AppStore|ARM.ActiveCfg = Release|ARM
		{0AA24BCD-933B-4465-B0AE-CD0F375DC085}.AppStore|ARM.Build.0 = Release|ARM
		{0AA24BCD-933B-4465-B0AE-CD0F375DC085}.AppStore|ARM.Deploy.0 = Release|ARM
		{0AA24BCD-933B-4465-B0AE-CD0F375DC085}.AppStore|iPhone.ActiveCfg = Release|x86
		{0AA24BCD-933B-4465-B0AE-CD0F375DC085}.AppStore|iPhone.Build.0 = Release|x86
		{0AA24BCD-933B-4465-B0AE-CD0F375DC085}.AppStore|iPhone.Deploy.0 = Release|x86
		{0AA24BCD-933B-4465-B0AE-CD0F375DC085}.AppStore|iPhoneSimulator.ActiveCfg = Release|x86
		{0AA24BCD-933B-4465-B0AE-CD0F375DC085}.AppStore|iPhoneSimulator.Build.0 = Release|x86
		{0AA24BCD-933B-4465-B0AE-CD0F375DC085}.AppStore|iPhoneSimulator.Deploy.0 = Release|x86
		{0AA24BCD-933B-4465-B0AE-CD0F375DC085}.AppStore|x64.ActiveCfg = Release|x64
		{0AA24BCD-933B-4465-B0AE-CD0F375DC085}.AppStore|x64.Build.0 = Release|x64
		{0AA24BCD-933B-4465-B0AE-CD0F375DC085}.AppStore|x64.Deploy.0 = Release|x64
		{0AA24BCD-933B-4465-B0AE-CD0F375DC085}.AppStore|x86.ActiveCfg = Release|x86
		{0AA24BCD-933B-4465-B0AE-CD0F375DC085}.AppStore|x86.Build.0 = Release|x86
		{0AA24BCD-933B-4465-B0AE-CD0F375DC085}.AppStore|x86.Deploy.0 = Release|x86
		{0AA24BCD-933B-4465-B0AE-CD0F375DC085}.Debug|Any CPU.ActiveCfg = Debug|x86
		{0AA24BCD-933B-4465-B0AE-CD0F375DC085}.Debug|ARM.ActiveCfg = Debug|ARM
		{0AA24BCD-933B-4465-B0AE-CD0F375DC085}.Debug|ARM.Build.0 = Debug|ARM
		{0AA24BCD-933B-4465-B0AE-CD0F375DC085}.Debug|ARM.Deploy.0 = Debug|ARM
		{0AA24BCD-933B-4465-B0AE-CD0F375DC085}.Debug|iPhone.ActiveCfg = Debug|x86
		{0AA24BCD-933B-4465-B0AE-CD0F375DC085}.Debug|iPhoneSimulator.ActiveCfg = Debug|x86
		{0AA24BCD-933B-4465-B0AE-CD0F375DC085}.Debug|x64.ActiveCfg = Debug|x64
		{0AA24BCD-933B-4465-B0AE-CD0F375DC085}.Debug|x64.Build.0 = Debug|x64
		{0AA24BCD-933B-4465-B0AE-CD0F375DC085}.Debug|x64.Deploy.0 = Debug|x64
		{0AA24BCD-933B-4465-B0AE-CD0F375DC085}.Debug|x86.ActiveCfg = Debug|x86
		{0AA24BCD-933B-4465-B0AE-CD0F375DC085}.Debug|x86.Build.0 = Debug|x86
		{0AA24BCD-933B-4465-B0AE-CD0F375DC085}.Debug|x86.Deploy.0 = Debug|x86
		{0AA24BCD-933B-4465-B0AE-CD0F375DC085}.Release|Any CPU.ActiveCfg = Release|x86
		{0AA24BCD-933B-4465-B0AE-CD0F375DC085}.Release|ARM.ActiveCfg = Release|ARM
		{0AA24BCD-933B-4465-B0AE-CD0F375DC085}.Release|ARM.Build.0 = Release|ARM
		{0AA24BCD-933B-4465-B0AE-CD0F375DC085}.Release|ARM.Deploy.0 = Release|ARM
		{0AA24BCD-933B-4465-B0AE-CD0F375DC085}.Release|iPhone.ActiveCfg = Release|x86
		{0AA24BCD-933B-4465-B0AE-CD0F375DC085}.Release|iPhoneSimulator.ActiveCfg = Release|x86
		{0AA24BCD-933B-4465-B0AE-CD0F375DC085}.Release|x64.ActiveCfg = Release|x64
		{0AA24BCD-933B-4465-B0AE-CD0F375DC085}.Release|x64.Build.0 = Release|x64
		{0AA24BCD-933B-4465-B0AE-CD0F375DC085}.Release|x64.Deploy.0 = Release|x64
		{0AA24BCD-933B-4465-B0AE-CD0F375DC085}.Release|x86.ActiveCfg = Release|x86
		{0AA24BCD-933B-4465-B0AE-CD0F375DC085}.Release|x86.Build.0 = Release|x86
		{0AA24BCD-933B-4465-B0AE-CD0F375DC085}.Release|x86.Deploy.0 = Release|x86
		{C7B773DF-7019-491B-B076-7B0AD9679521}.Ad-Hoc|Any CPU.ActiveCfg = Release|Any CPU
		{C7B773DF-7019-491B-B076-7B0AD9679521}.Ad-Hoc|Any CPU.Build.0 = Release|Any CPU
		{C7B773DF-7019-491B-B076-7B0AD9679521}.Ad-Hoc|Any CPU.Deploy.0 = Release|Any CPU
		{C7B773DF-7019-491B-B076-7B0AD9679521}.Ad-Hoc|ARM.ActiveCfg = Release|ARM
		{C7B773DF-7019-491B-B076-7B0AD9679521}.Ad-Hoc|ARM.Build.0 = Release|ARM
		{C7B773DF-7019-491B-B076-7B0AD9679521}.Ad-Hoc|ARM.Deploy.0 = Release|ARM
		{C7B773DF-7019-491B-B076-7B0AD9679521}.Ad-Hoc|iPhone.ActiveCfg = Release|Any CPU
		{C7B773DF-7019-491B-B076-7B0AD9679521}.Ad-Hoc|iPhone.Build.0 = Release|Any CPU
		{C7B773DF-7019-491B-B076-7B0AD9679521}.Ad-Hoc|iPhone.Deploy.0 = Release|Any CPU
		{C7B773DF-7019-491B-B076-7B0AD9679521}.Ad-Hoc|iPhoneSimulator.ActiveCfg = Release|Any CPU
		{C7B773DF-7019-491B-B076-7B0AD9679521}.Ad-Hoc|iPhoneSimulator.Build.0 = Release|Any CPU
		{C7B773DF-7019-491B-B076-7B0AD9679521}.Ad-Hoc|iPhoneSimulator.Deploy.0 = Release|Any CPU
		{C7B773DF-7019-491B-B076-7B0AD9679521}.Ad-Hoc|x64.ActiveCfg = Release|x64
		{C7B773DF-7019-491B-B076-7B0AD9679521}.Ad-Hoc|x64.Build.0 = Release|x64
		{C7B773DF-7019-491B-B076-7B0AD9679521}.Ad-Hoc|x64.Deploy.0 = Release|x64
		{C7B773DF-7019-491B-B076-7B0AD9679521}.Ad-Hoc|x86.ActiveCfg = Release|x86
		{C7B773DF-7019-491B-B076-7B0AD9679521}.Ad-Hoc|x86.Build.0 = Release|x86
		{C7B773DF-7019-491B-B076-7B0AD9679521}.Ad-Hoc|x86.Deploy.0 = Release|x86
		{C7B773DF-7019-491B-B076-7B0AD9679521}.AppStore|Any CPU.ActiveCfg = Release|Any CPU
		{C7B773DF-7019-491B-B076-7B0AD9679521}.AppStore|Any CPU.Build.0 = Release|Any CPU
		{C7B773DF-7019-491B-B076-7B0AD9679521}.AppStore|Any CPU.Deploy.0 = Release|Any CPU
		{C7B773DF-7019-491B-B076-7B0AD9679521}.AppStore|ARM.ActiveCfg = Release|ARM
		{C7B773DF-7019-491B-B076-7B0AD9679521}.AppStore|ARM.Build.0 = Release|ARM
		{C7B773DF-7019-491B-B076-7B0AD9679521}.AppStore|ARM.Deploy.0 = Release|ARM
		{C7B773DF-7019-491B-B076-7B0AD9679521}.AppStore|iPhone.ActiveCfg = Release|Any CPU
		{C7B773DF-7019-491B-B076-7B0AD9679521}.AppStore|iPhone.Build.0 = Release|Any CPU
		{C7B773DF-7019-491B-B076-7B0AD9679521}.AppStore|iPhone.Deploy.0 = Release|Any CPU
		{C7B773DF-7019-491B-B076-7B0AD9679521}.AppStore|iPhoneSimulator.ActiveCfg = Release|Any CPU
		{C7B773DF-7019-491B-B076-7B0AD9679521}.AppStore|iPhoneSimulator.Build.0 = Release|Any CPU
		{C7B773DF-7019-491B-B076-7B0AD9679521}.AppStore|iPhoneSimulator.Deploy.0 = Release|Any CPU
		{C7B773DF-7019-491B-B076-7B0AD9679521}.AppStore|x64.ActiveCfg = Release|x64
		{C7B773DF-7019-491B-B076-7B0AD9679521}.AppStore|x64.Build.0 = Release|x64
		{C7B773DF-7019-491B-B076-7B0AD9679521}.AppStore|x64.Deploy.0 = Release|x64
		{C7B773DF-7019-491B-B076-7B0AD9679521}.AppStore|x86.ActiveCfg = Release|x86
		{C7B773DF-7019-491B-B076-7B0AD9679521}.AppStore|x86.Build.0 = Release|x86
		{C7B773DF-7019-491B-B076-7B0AD9679521}.AppStore|x86.Deploy.0 = Release|x86
		{C7B773DF-7019-491B-B076-7B0AD9679521}.Debug|Any CPU.ActiveCfg = Debug|Any CPU
		{C7B773DF-7019-491B-B076-7B0AD9679521}.Debug|Any CPU.Build.0 = Debug|Any CPU
		{C7B773DF-7019-491B-B076-7B0AD9679521}.Debug|Any CPU.Deploy.0 = Debug|Any CPU
		{C7B773DF-7019-491B-B076-7B0AD9679521}.Debug|ARM.ActiveCfg = Debug|ARM
		{C7B773DF-7019-491B-B076-7B0AD9679521}.Debug|ARM.Build.0 = Debug|ARM
		{C7B773DF-7019-491B-B076-7B0AD9679521}.Debug|ARM.Deploy.0 = Debug|ARM
		{C7B773DF-7019-491B-B076-7B0AD9679521}.Debug|iPhone.ActiveCfg = Debug|Any CPU
		{C7B773DF-7019-491B-B076-7B0AD9679521}.Debug|iPhone.Build.0 = Debug|Any CPU
		{C7B773DF-7019-491B-B076-7B0AD9679521}.Debug|iPhone.Deploy.0 = Debug|Any CPU
		{C7B773DF-7019-491B-B076-7B0AD9679521}.Debug|iPhoneSimulator.ActiveCfg = Debug|Any CPU
		{C7B773DF-7019-491B-B076-7B0AD9679521}.Debug|iPhoneSimulator.Build.0 = Debug|Any CPU
		{C7B773DF-7019-491B-B076-7B0AD9679521}.Debug|iPhoneSimulator.Deploy.0 = Debug|Any CPU
		{C7B773DF-7019-491B-B076-7B0AD9679521}.Debug|x64.ActiveCfg = Debug|x64
		{C7B773DF-7019-491B-B076-7B0AD9679521}.Debug|x64.Build.0 = Debug|x64
		{C7B773DF-7019-491B-B076-7B0AD9679521}.Debug|x64.Deploy.0 = Debug|x64
		{C7B773DF-7019-491B-B076-7B0AD9679521}.Debug|x86.ActiveCfg = Debug|x86
		{C7B773DF-7019-491B-B076-7B0AD9679521}.Debug|x86.Build.0 = Debug|x86
		{C7B773DF-7019-491B-B076-7B0AD9679521}.Debug|x86.Deploy.0 = Debug|x86
		{C7B773DF-7019-491B-B076-7B0AD9679521}.Release|Any CPU.ActiveCfg = Release|Any CPU
		{C7B773DF-7019-491B-B076-7B0AD9679521}.Release|Any CPU.Build.0 = Release|Any CPU
		{C7B773DF-7019-491B-B076-7B0AD9679521}.Release|Any CPU.Deploy.0 = Release|Any CPU
		{C7B773DF-7019-491B-B076-7B0AD9679521}.Release|ARM.ActiveCfg = Release|ARM
		{C7B773DF-7019-491B-B076-7B0AD9679521}.Release|ARM.Build.0 = Release|ARM
		{C7B773DF-7019-491B-B076-7B0AD9679521}.Release|ARM.Deploy.0 = Release|ARM
		{C7B773DF-7019-491B-B076-7B0AD9679521}.Release|iPhone.ActiveCfg = Release|Any CPU
		{C7B773DF-7019-491B-B076-7B0AD9679521}.Release|iPhone.Build.0 = Release|Any CPU
		{C7B773DF-7019-491B-B076-7B0AD9679521}.Release|iPhone.Deploy.0 = Release|Any CPU
		{C7B773DF-7019-491B-B076-7B0AD9679521}.Release|iPhoneSimulator.ActiveCfg = Release|Any CPU
		{C7B773DF-7019-491B-B076-7B0AD9679521}.Release|iPhoneSimulator.Build.0 = Release|Any CPU
		{C7B773DF-7019-491B-B076-7B0AD9679521}.Release|iPhoneSimulator.Deploy.0 = Release|Any CPU
		{C7B773DF-7019-491B-B076-7B0AD9679521}.Release|x64.ActiveCfg = Release|x64
		{C7B773DF-7019-491B-B076-7B0AD9679521}.Release|x64.Build.0 = Release|x64
		{C7B773DF-7019-491B-B076-7B0AD9679521}.Release|x64.Deploy.0 = Release|x64
		{C7B773DF-7019-491B-B076-7B0AD9679521}.Release|x86.ActiveCfg = Release|x86
		{C7B773DF-7019-491B-B076-7B0AD9679521}.Release|x86.Build.0 = Release|x86
		{C7B773DF-7019-491B-B076-7B0AD9679521}.Release|x86.Deploy.0 = Release|x86
	EndGlobalSection
	GlobalSection(SolutionProperties) = preSolution
		HideSolutionNode = FALSE
	EndGlobalSection
EndGlobal
